// !$*UTF8*$!
{
	archiveVersion = 1;
	classes = {
	};
	objectVersion = 71;
	objects = {

/* Begin PBXBuildFile section */
		E90E04392D85DFED003237CC /* TabBarView.swift in Sources */ = {isa = PBXBuildFile; fileRef = E90E04382D85DFED003237CC /* TabBarView.swift */; };
		E90E043B2D868FE3003237CC /* Font+Extensions.swift in Sources */ = {isa = PBXBuildFile; fileRef = E90E043A2D868FE1003237CC /* Font+Extensions.swift */; };
		E90E043D2D86A6BE003237CC /* FlexibleSheet.swift in Sources */ = {isa = PBXBuildFile; fileRef = E90E043C2D86A6BE003237CC /* FlexibleSheet.swift */; };
		E90E043F2D86A76C003237CC /* WorkoutActionSheet.swift in Sources */ = {isa = PBXBuildFile; fileRef = E90E043E2D86A76A003237CC /* WorkoutActionSheet.swift */; };
		E90E04412D86DF74003237CC /* ShortcutSheet.swift in Sources */ = {isa = PBXBuildFile; fileRef = E90E04402D86DF73003237CC /* ShortcutSheet.swift */; };
		E90E04432D86EE1F003237CC /* BackButton.swift in Sources */ = {isa = PBXBuildFile; fileRef = E90E04422D86EE1B003237CC /* BackButton.swift */; };
		E90E04452D86EE7A003237CC /* ChooseWorkoutView.swift in Sources */ = {isa = PBXBuildFile; fileRef = E90E04442D86EE7A003237CC /* ChooseWorkoutView.swift */; };
		E90E04472D87348C003237CC /* CategoryButton.swift in Sources */ = {isa = PBXBuildFile; fileRef = E90E04462D87348C003237CC /* CategoryButton.swift */; };
		E90E04492D873A14003237CC /* AlphabetSelector.swift in Sources */ = {isa = PBXBuildFile; fileRef = E90E04482D873A14003237CC /* AlphabetSelector.swift */; };
		E90E044B2D886D76003237CC /* AppStyles.swift in Sources */ = {isa = PBXBuildFile; fileRef = E90E044A2D886D75003237CC /* AppStyles.swift */; };
		E90E044D2D8875AB003237CC /* SetsSelectionSheet.swift in Sources */ = {isa = PBXBuildFile; fileRef = E90E044C2D8875AB003237CC /* SetsSelectionSheet.swift */; };
		E90E044F2D88ACB5003237CC /* WorkoutExercisesView.swift in Sources */ = {isa = PBXBuildFile; fileRef = E90E044E2D88ACB5003237CC /* WorkoutExercisesView.swift */; };
		E90E04512D88AF30003237CC /* WorkoutExercisesViewModel.swift in Sources */ = {isa = PBXBuildFile; fileRef = E90E04502D88AF2D003237CC /* WorkoutExercisesViewModel.swift */; };
		E90E04532D88B0D9003237CC /* WorkoutExerciseRow.swift in Sources */ = {isa = PBXBuildFile; fileRef = E90E04522D88B0D9003237CC /* WorkoutExerciseRow.swift */; };
		E90E04552D88B163003237CC /* ExerciseOptionsSheet.swift in Sources */ = {isa = PBXBuildFile; fileRef = E90E04542D88B162003237CC /* ExerciseOptionsSheet.swift */; };
		E90E04572D88B335003237CC /* WorkoutOptionsSheet.swift in Sources */ = {isa = PBXBuildFile; fileRef = E90E04562D88B334003237CC /* WorkoutOptionsSheet.swift */; };
		E90E04592D89C91A003237CC /* HeaderView.swift in Sources */ = {isa = PBXBuildFile; fileRef = E90E04582D89C913003237CC /* HeaderView.swift */; };
		E90E045B2D89C941003237CC /* TitleView.swift in Sources */ = {isa = PBXBuildFile; fileRef = E90E045A2D89C941003237CC /* TitleView.swift */; };
		E90E045D2D89C964003237CC /* CategorySelectionView.swift in Sources */ = {isa = PBXBuildFile; fileRef = E90E045C2D89C963003237CC /* CategorySelectionView.swift */; };
		E90E045F2D89C994003237CC /* EnhancedAlphabetSelector.swift in Sources */ = {isa = PBXBuildFile; fileRef = E90E045E2D89C993003237CC /* EnhancedAlphabetSelector.swift */; };
		E90E04612D89C9B3003237CC /* ExerciseListView.swift in Sources */ = {isa = PBXBuildFile; fileRef = E90E04602D89C9B3003237CC /* ExerciseListView.swift */; };
		E90E04632D89C9DB003237CC /* BottomActionButtonsView.swift in Sources */ = {isa = PBXBuildFile; fileRef = E90E04622D89C9D9003237CC /* BottomActionButtonsView.swift */; };
		E90E04652D89C9F9003237CC /* FloatingActionButtonView.swift in Sources */ = {isa = PBXBuildFile; fileRef = E90E04642D89C9F9003237CC /* FloatingActionButtonView.swift */; };
		E90E04672D89CA1F003237CC /* FilterSheetView.swift in Sources */ = {isa = PBXBuildFile; fileRef = E90E04662D89CA1D003237CC /* FilterSheetView.swift */; };
		E90E04692D89E203003237CC /* WorkoutPreviewView.swift in Sources */ = {isa = PBXBuildFile; fileRef = E90E04682D89E201003237CC /* WorkoutPreviewView.swift */; };
		E90E046B2D89E4AB003237CC /* WorkoutBuilderViewModel.swift in Sources */ = {isa = PBXBuildFile; fileRef = E90E046A2D89E4AA003237CC /* WorkoutBuilderViewModel.swift */; };
		E9177D5B2D71A52C005FEE6A /* SupabaseModels.swift in Sources */ = {isa = PBXBuildFile; fileRef = E9177D5A2D71A529005FEE6A /* SupabaseModels.swift */; };
		E9177D622D71E4B0005FEE6A /* WorkoutTemplate.swift in Sources */ = {isa = PBXBuildFile; fileRef = E9177D612D71E4B0005FEE6A /* WorkoutTemplate.swift */; };
		E9177D6C2D7227C1005FEE6A /* SupabaseTypes.swift in Sources */ = {isa = PBXBuildFile; fileRef = E9177D6B2D7227BC005FEE6A /* SupabaseTypes.swift */; };
		E9177D702D722BE8005FEE6A /* JSONDecoders.swift in Sources */ = {isa = PBXBuildFile; fileRef = E9177D6F2D722BE6005FEE6A /* JSONDecoders.swift */; };
		E9177D742D722F32005FEE6A /* AuthError.swift in Sources */ = {isa = PBXBuildFile; fileRef = E9177D732D722F32005FEE6A /* AuthError.swift */; };
		E91BC43A2D8D48B700902061 /* ExerciseGIF.swift in Sources */ = {isa = PBXBuildFile; fileRef = E91BC4392D8D48B700902061 /* ExerciseGIF.swift */; };
		E91BC43C2D8D556B00902061 /* SafeAreaSpacerView.swift in Sources */ = {isa = PBXBuildFile; fileRef = E91BC43B2D8D556B00902061 /* SafeAreaSpacerView.swift */; };
		E92A97B72D82026B0023F808 /* LoadingView.swift in Sources */ = {isa = PBXBuildFile; fileRef = E92A97B62D8202630023F808 /* LoadingView.swift */; };
		E92A97B92D8203590023F808 /* ExerciseDetailView.swift in Sources */ = {isa = PBXBuildFile; fileRef = E92A97B82D8203580023F808 /* ExerciseDetailView.swift */; };
		E92A97BB2D8203DA0023F808 /* WorkoutTrackingView.swift in Sources */ = {isa = PBXBuildFile; fileRef = E92A97BA2D8203D90023F808 /* WorkoutTrackingView.swift */; };
		E940C24B2D70C3F800C959C4 /* AppDelegate.swift in Sources */ = {isa = PBXBuildFile; fileRef = E940C2002D70C3F800C959C4 /* AppDelegate.swift */; };
		E940C24C2D70C3F800C959C4 /* CheckboxToggle.swift in Sources */ = {isa = PBXBuildFile; fileRef = E940C2402D70C3F800C959C4 /* CheckboxToggle.swift */; };
		E940C24D2D70C3F800C959C4 /* WorkoutSetRow.swift in Sources */ = {isa = PBXBuildFile; fileRef = E940C2342D70C3F800C959C4 /* WorkoutSetRow.swift */; };
		E940C24E2D70C3F800C959C4 /* DashboardViewModel.swift in Sources */ = {isa = PBXBuildFile; fileRef = E940C2192D70C3F800C959C4 /* DashboardViewModel.swift */; };
		E940C24F2D70C3F800C959C4 /* ExerciseRow.swift in Sources */ = {isa = PBXBuildFile; fileRef = E940C2332D70C3F800C959C4 /* ExerciseRow.swift */; };
		E940C2502D70C3F800C959C4 /* WorkoutViewModel.swift in Sources */ = {isa = PBXBuildFile; fileRef = E940C2312D70C3F800C959C4 /* WorkoutViewModel.swift */; };
		E940C2512D70C3F800C959C4 /* RadioButton.swift in Sources */ = {isa = PBXBuildFile; fileRef = E940C2422D70C3F800C959C4 /* RadioButton.swift */; };
		E940C2522D70C3F800C959C4 /* ExerciseViewModel.swift in Sources */ = {isa = PBXBuildFile; fileRef = E940C2302D70C3F800C959C4 /* ExerciseViewModel.swift */; };
		E940C2532D70C3F800C959C4 /* QuestionnaireViewModel.swift in Sources */ = {isa = PBXBuildFile; fileRef = E940C2262D70C3F800C959C4 /* QuestionnaireViewModel.swift */; };
		E940C2542D70C3F800C959C4 /* AuthViewModel.swift in Sources */ = {isa = PBXBuildFile; fileRef = E940C2132D70C3F800C959C4 /* AuthViewModel.swift */; };
		E940C2552D70C3F800C959C4 /* SupabaseService.swift in Sources */ = {isa = PBXBuildFile; fileRef = E940C20D2D70C3F800C959C4 /* SupabaseService.swift */; };
		E940C2562D70C3F800C959C4 /* UserProfile.swift in Sources */ = {isa = PBXBuildFile; fileRef = E940C20B2D70C3F800C959C4 /* UserProfile.swift */; };
		E940C2572D70C3F800C959C4 /* WorkoutsView.swift in Sources */ = {isa = PBXBuildFile; fileRef = E940C2372D70C3F800C959C4 /* WorkoutsView.swift */; };
		E940C2582D70C3F800C959C4 /* ProfileView.swift in Sources */ = {isa = PBXBuildFile; fileRef = E940C2212D70C3F800C959C4 /* ProfileView.swift */; };
		E940C2592D70C3F800C959C4 /* WorkoutSet.swift in Sources */ = {isa = PBXBuildFile; fileRef = E940C22D2D70C3F800C959C4 /* WorkoutSet.swift */; };
		E940C25A2D70C3F800C959C4 /* ExerciseLibraryView.swift in Sources */ = {isa = PBXBuildFile; fileRef = E940C2362D70C3F800C959C4 /* ExerciseLibraryView.swift */; };
		E940C25B2D70C3F800C959C4 /* DashboardView.swift in Sources */ = {isa = PBXBuildFile; fileRef = E940C21B2D70C3F800C959C4 /* DashboardView.swift */; };
		E940C25C2D70C3F800C959C4 /* ButtonStyle.swift in Sources */ = {isa = PBXBuildFile; fileRef = E940C23E2D70C3F800C959C4 /* ButtonStyle.swift */; };
		E940C25D2D70C3F800C959C4 /* WorkoutExerciseDetails.swift in Sources */ = {isa = PBXBuildFile; fileRef = E940C22C2D70C3F800C959C4 /* WorkoutExerciseDetails.swift */; };
		E940C25E2D70C3F800C959C4 /* Questionnaire.swift in Sources */ = {isa = PBXBuildFile; fileRef = E940C2242D70C3F800C959C4 /* Questionnaire.swift */; };
		E940C25F2D70C3F800C959C4 /* Workout.swift in Sources */ = {isa = PBXBuildFile; fileRef = E940C22E2D70C3F800C959C4 /* Workout.swift */; };
		E940C2602D70C3F800C959C4 /* CardView.swift in Sources */ = {isa = PBXBuildFile; fileRef = E940C23F2D70C3F800C959C4 /* CardView.swift */; };
		E940C2612D70C3F800C959C4 /* User.swift in Sources */ = {isa = PBXBuildFile; fileRef = E940C20A2D70C3F800C959C4 /* User.swift */; };
		E940C2622D70C3F800C959C4 /* SupabaseServiceProtocol.swift in Sources */ = {isa = PBXBuildFile; fileRef = E940C20E2D70C3F800C959C4 /* SupabaseServiceProtocol.swift */; };
		E940C2632D70C3F800C959C4 /* Badge.swift in Sources */ = {isa = PBXBuildFile; fileRef = E940C23D2D70C3F800C959C4 /* Badge.swift */; };
		E940C2642D70C3F800C959C4 /* GenderView.swift in Sources */ = {isa = PBXBuildFile; fileRef = E940C2282D70C3F800C959C4 /* GenderView.swift */; };
		E940C2652D70C3F800C959C4 /* IntelligentHealthCoachApp.swift in Sources */ = {isa = PBXBuildFile; fileRef = E940C2032D70C3F800C959C4 /* IntelligentHealthCoachApp.swift */; };
		E940C2662D70C3F800C959C4 /* ProgressBar.swift in Sources */ = {isa = PBXBuildFile; fileRef = E940C2412D70C3F800C959C4 /* ProgressBar.swift */; };
		E940C2672D70C3F800C959C4 /* ProfileViewModel.swift in Sources */ = {isa = PBXBuildFile; fileRef = E940C21F2D70C3F800C959C4 /* ProfileViewModel.swift */; };
		E940C2682D70C3F800C959C4 /* Exercise.swift in Sources */ = {isa = PBXBuildFile; fileRef = E940C22B2D70C3F800C959C4 /* Exercise.swift */; };
		E940C2692D70C3F800C959C4 /* ContentView.swift in Sources */ = {isa = PBXBuildFile; fileRef = E940C2012D70C3F800C959C4 /* ContentView.swift */; };
		E940C26A2D70C3F800C959C4 /* AuthView.swift in Sources */ = {isa = PBXBuildFile; fileRef = E940C2152D70C3F800C959C4 /* AuthView.swift */; };
		E940C26D2D70C3F800C959C4 /* Assets.xcassets in Resources */ = {isa = PBXBuildFile; fileRef = E940C2472D70C3F800C959C4 /* Assets.xcassets */; };
		E940C26E2D70C3F800C959C4 /* main in Resources */ = {isa = PBXBuildFile; fileRef = E940C2062D70C3F800C959C4 /* main */; };
		E940C26F2D70C3F800C959C4 /* Inter-VariableFont_opsz,wght.ttf in Resources */ = {isa = PBXBuildFile; fileRef = E940C2452D70C3F800C959C4 /* Inter-VariableFont_opsz,wght.ttf */; };
		E940C2702D70C3F800C959C4 /* Inter-Italic-VariableFont_opsz,wght.ttf in Resources */ = {isa = PBXBuildFile; fileRef = E940C2442D70C3F800C959C4 /* Inter-Italic-VariableFont_opsz,wght.ttf */; };
		E940C2732D70C4DD00C959C4 /* Auth in Frameworks */ = {isa = PBXBuildFile; productRef = E940C2722D70C4DD00C959C4 /* Auth */; };
		E940C2752D70C4DD00C959C4 /* Functions in Frameworks */ = {isa = PBXBuildFile; productRef = E940C2742D70C4DD00C959C4 /* Functions */; };
		E940C2772D70C4DD00C959C4 /* PostgREST in Frameworks */ = {isa = PBXBuildFile; productRef = E940C2762D70C4DD00C959C4 /* PostgREST */; };
		E940C2792D70C4DD00C959C4 /* Realtime in Frameworks */ = {isa = PBXBuildFile; productRef = E940C2782D70C4DD00C959C4 /* Realtime */; };
		E940C27B2D70C4DD00C959C4 /* Storage in Frameworks */ = {isa = PBXBuildFile; productRef = E940C27A2D70C4DD00C959C4 /* Storage */; };
		E940C27E2D70C4F400C959C4 /* Kingfisher in Frameworks */ = {isa = PBXBuildFile; productRef = E940C27D2D70C4F400C959C4 /* Kingfisher */; };
		E940C2802D70C8F000C959C4 /* SupabaseManager.swift in Sources */ = {isa = PBXBuildFile; fileRef = E940C27F2D70C8F000C959C4 /* SupabaseManager.swift */; };
		E940C2822D70C93100C959C4 /* CacheManager.swift in Sources */ = {isa = PBXBuildFile; fileRef = E940C2812D70C93100C959C4 /* CacheManager.swift */; };
		E940C2862D70CB6D00C959C4 /* PreviewHelpers.swift in Sources */ = {isa = PBXBuildFile; fileRef = E940C2852D70CB6D00C959C4 /* PreviewHelpers.swift */; };
		E940C2882D70D18400C959C4 /* AuthUser.swift in Sources */ = {isa = PBXBuildFile; fileRef = E940C2872D70D18400C959C4 /* AuthUser.swift */; };
		E940C28C2D70D1DF00C959C4 /* DashboardModels.swift in Sources */ = {isa = PBXBuildFile; fileRef = E940C28B2D70D1DD00C959C4 /* DashboardModels.swift */; };
		E940C28E2D70D20600C959C4 /* URL+Extensions.swift in Sources */ = {isa = PBXBuildFile; fileRef = E940C28D2D70D20500C959C4 /* URL+Extensions.swift */; };
		E940C2912D70E05800C959C4 /* Supabase in Frameworks */ = {isa = PBXBuildFile; productRef = E940C2902D70E05800C959C4 /* Supabase */; };
		E97F15BF2D70683200153EA8 /* Preview Assets.xcassets in Resources */ = {isa = PBXBuildFile; fileRef = E97F15BE2D70683200153EA8 /* Preview Assets.xcassets */; };
		E97F15C92D70683200153EA8 /* IntelligentHealthCoachTests.swift in Sources */ = {isa = PBXBuildFile; fileRef = E97F15C82D70683200153EA8 /* IntelligentHealthCoachTests.swift */; };
		E97F15D32D70683200153EA8 /* IntelligentHealthCoachUITests.swift in Sources */ = {isa = PBXBuildFile; fileRef = E97F15D22D70683200153EA8 /* IntelligentHealthCoachUITests.swift */; };
		E97F15D52D70683200153EA8 /* IntelligentHealthCoachUITestsLaunchTests.swift in Sources */ = {isa = PBXBuildFile; fileRef = E97F15D42D70683200153EA8 /* IntelligentHealthCoachUITestsLaunchTests.swift */; };
		E991DE152D834D78002B3287 /* SettingOption.swift in Sources */ = {isa = PBXBuildFile; fileRef = E991DE142D834D77002B3287 /* SettingOption.swift */; };
/* End PBXBuildFile section */

/* Begin PBXContainerItemProxy section */
		E97F15C52D70683200153EA8 /* PBXContainerItemProxy */ = {
			isa = PBXContainerItemProxy;
			containerPortal = E97F15AC2D70682F00153EA8 /* Project object */;
			proxyType = 1;
			remoteGlobalIDString = E97F15B32D70682F00153EA8;
			remoteInfo = IntelligentHealthCoach;
		};
		E97F15CF2D70683200153EA8 /* PBXContainerItemProxy */ = {
			isa = PBXContainerItemProxy;
			containerPortal = E97F15AC2D70682F00153EA8 /* Project object */;
			proxyType = 1;
			remoteGlobalIDString = E97F15B32D70682F00153EA8;
			remoteInfo = IntelligentHealthCoach;
		};
/* End PBXContainerItemProxy section */

/* Begin PBXFileReference section */
		E90E04382D85DFED003237CC /* TabBarView.swift */ = {isa = PBXFileReference; lastKnownFileType = sourcecode.swift; path = TabBarView.swift; sourceTree = "<group>"; };
		E90E043A2D868FE1003237CC /* Font+Extensions.swift */ = {isa = PBXFileReference; lastKnownFileType = sourcecode.swift; path = "Font+Extensions.swift"; sourceTree = "<group>"; };
		E90E043C2D86A6BE003237CC /* FlexibleSheet.swift */ = {isa = PBXFileReference; lastKnownFileType = sourcecode.swift; path = FlexibleSheet.swift; sourceTree = "<group>"; };
		E90E043E2D86A76A003237CC /* WorkoutActionSheet.swift */ = {isa = PBXFileReference; lastKnownFileType = sourcecode.swift; path = WorkoutActionSheet.swift; sourceTree = "<group>"; };
		E90E04402D86DF73003237CC /* ShortcutSheet.swift */ = {isa = PBXFileReference; lastKnownFileType = sourcecode.swift; path = ShortcutSheet.swift; sourceTree = "<group>"; };
		E90E04422D86EE1B003237CC /* BackButton.swift */ = {isa = PBXFileReference; lastKnownFileType = sourcecode.swift; path = BackButton.swift; sourceTree = "<group>"; };
		E90E04442D86EE7A003237CC /* ChooseWorkoutView.swift */ = {isa = PBXFileReference; lastKnownFileType = sourcecode.swift; path = ChooseWorkoutView.swift; sourceTree = "<group>"; };
		E90E04462D87348C003237CC /* CategoryButton.swift */ = {isa = PBXFileReference; lastKnownFileType = sourcecode.swift; path = CategoryButton.swift; sourceTree = "<group>"; };
		E90E04482D873A14003237CC /* AlphabetSelector.swift */ = {isa = PBXFileReference; lastKnownFileType = sourcecode.swift; path = AlphabetSelector.swift; sourceTree = "<group>"; };
		E90E044A2D886D75003237CC /* AppStyles.swift */ = {isa = PBXFileReference; lastKnownFileType = sourcecode.swift; path = AppStyles.swift; sourceTree = "<group>"; };
		E90E044C2D8875AB003237CC /* SetsSelectionSheet.swift */ = {isa = PBXFileReference; lastKnownFileType = sourcecode.swift; path = SetsSelectionSheet.swift; sourceTree = "<group>"; };
		E90E044E2D88ACB5003237CC /* WorkoutExercisesView.swift */ = {isa = PBXFileReference; lastKnownFileType = sourcecode.swift; path = WorkoutExercisesView.swift; sourceTree = "<group>"; };
		E90E04502D88AF2D003237CC /* WorkoutExercisesViewModel.swift */ = {isa = PBXFileReference; lastKnownFileType = sourcecode.swift; path = WorkoutExercisesViewModel.swift; sourceTree = "<group>"; };
		E90E04522D88B0D9003237CC /* WorkoutExerciseRow.swift */ = {isa = PBXFileReference; lastKnownFileType = sourcecode.swift; path = WorkoutExerciseRow.swift; sourceTree = "<group>"; };
		E90E04542D88B162003237CC /* ExerciseOptionsSheet.swift */ = {isa = PBXFileReference; lastKnownFileType = sourcecode.swift; path = ExerciseOptionsSheet.swift; sourceTree = "<group>"; };
		E90E04562D88B334003237CC /* WorkoutOptionsSheet.swift */ = {isa = PBXFileReference; lastKnownFileType = sourcecode.swift; path = WorkoutOptionsSheet.swift; sourceTree = "<group>"; };
		E90E04582D89C913003237CC /* HeaderView.swift */ = {isa = PBXFileReference; lastKnownFileType = sourcecode.swift; path = HeaderView.swift; sourceTree = "<group>"; };
		E90E045A2D89C941003237CC /* TitleView.swift */ = {isa = PBXFileReference; lastKnownFileType = sourcecode.swift; path = TitleView.swift; sourceTree = "<group>"; };
		E90E045C2D89C963003237CC /* CategorySelectionView.swift */ = {isa = PBXFileReference; lastKnownFileType = sourcecode.swift; path = CategorySelectionView.swift; sourceTree = "<group>"; };
		E90E045E2D89C993003237CC /* EnhancedAlphabetSelector.swift */ = {isa = PBXFileReference; lastKnownFileType = sourcecode.swift; path = EnhancedAlphabetSelector.swift; sourceTree = "<group>"; };
		E90E04602D89C9B3003237CC /* ExerciseListView.swift */ = {isa = PBXFileReference; lastKnownFileType = sourcecode.swift; path = ExerciseListView.swift; sourceTree = "<group>"; };
		E90E04622D89C9D9003237CC /* BottomActionButtonsView.swift */ = {isa = PBXFileReference; lastKnownFileType = sourcecode.swift; path = BottomActionButtonsView.swift; sourceTree = "<group>"; };
		E90E04642D89C9F9003237CC /* FloatingActionButtonView.swift */ = {isa = PBXFileReference; lastKnownFileType = sourcecode.swift; path = FloatingActionButtonView.swift; sourceTree = "<group>"; };
		E90E04662D89CA1D003237CC /* FilterSheetView.swift */ = {isa = PBXFileReference; lastKnownFileType = sourcecode.swift; path = FilterSheetView.swift; sourceTree = "<group>"; };
		E90E04682D89E201003237CC /* WorkoutPreviewView.swift */ = {isa = PBXFileReference; lastKnownFileType = sourcecode.swift; path = WorkoutPreviewView.swift; sourceTree = "<group>"; };
		E90E046A2D89E4AA003237CC /* WorkoutBuilderViewModel.swift */ = {isa = PBXFileReference; lastKnownFileType = sourcecode.swift; path = WorkoutBuilderViewModel.swift; sourceTree = "<group>"; };
		E9177D5A2D71A529005FEE6A /* SupabaseModels.swift */ = {isa = PBXFileReference; lastKnownFileType = sourcecode.swift; path = SupabaseModels.swift; sourceTree = "<group>"; };
		E9177D612D71E4B0005FEE6A /* WorkoutTemplate.swift */ = {isa = PBXFileReference; lastKnownFileType = sourcecode.swift; path = WorkoutTemplate.swift; sourceTree = "<group>"; };
		E9177D6B2D7227BC005FEE6A /* SupabaseTypes.swift */ = {isa = PBXFileReference; lastKnownFileType = sourcecode.swift; path = SupabaseTypes.swift; sourceTree = "<group>"; };
		E9177D6F2D722BE6005FEE6A /* JSONDecoders.swift */ = {isa = PBXFileReference; lastKnownFileType = sourcecode.swift; path = JSONDecoders.swift; sourceTree = "<group>"; };
		E9177D732D722F32005FEE6A /* AuthError.swift */ = {isa = PBXFileReference; lastKnownFileType = sourcecode.swift; path = AuthError.swift; sourceTree = "<group>"; };
		E91BC4392D8D48B700902061 /* ExerciseGIF.swift */ = {isa = PBXFileReference; lastKnownFileType = sourcecode.swift; path = ExerciseGIF.swift; sourceTree = "<group>"; };
		E91BC43B2D8D556B00902061 /* SafeAreaSpacerView.swift */ = {isa = PBXFileReference; lastKnownFileType = sourcecode.swift; path = SafeAreaSpacerView.swift; sourceTree = "<group>"; };
		E92A97B62D8202630023F808 /* LoadingView.swift */ = {isa = PBXFileReference; lastKnownFileType = sourcecode.swift; path = LoadingView.swift; sourceTree = "<group>"; };
		E92A97B82D8203580023F808 /* ExerciseDetailView.swift */ = {isa = PBXFileReference; lastKnownFileType = sourcecode.swift; path = ExerciseDetailView.swift; sourceTree = "<group>"; };
		E92A97BA2D8203D90023F808 /* WorkoutTrackingView.swift */ = {isa = PBXFileReference; lastKnownFileType = sourcecode.swift; path = WorkoutTrackingView.swift; sourceTree = "<group>"; };
		E940C2002D70C3F800C959C4 /* AppDelegate.swift */ = {isa = PBXFileReference; lastKnownFileType = sourcecode.swift; path = AppDelegate.swift; sourceTree = "<group>"; };
		E940C2012D70C3F800C959C4 /* ContentView.swift */ = {isa = PBXFileReference; lastKnownFileType = sourcecode.swift; path = ContentView.swift; sourceTree = "<group>"; };
		E940C2022D70C3F800C959C4 /* Info.plist */ = {isa = PBXFileReference; lastKnownFileType = text.plist.xml; path = Info.plist; sourceTree = "<group>"; };
		E940C2032D70C3F800C959C4 /* IntelligentHealthCoachApp.swift */ = {isa = PBXFileReference; lastKnownFileType = sourcecode.swift; path = IntelligentHealthCoachApp.swift; sourceTree = "<group>"; };
		E940C2062D70C3F800C959C4 /* main */ = {isa = PBXFileReference; lastKnownFileType = text; path = main; sourceTree = "<group>"; };
		E940C20A2D70C3F800C959C4 /* User.swift */ = {isa = PBXFileReference; lastKnownFileType = sourcecode.swift; path = User.swift; sourceTree = "<group>"; };
		E940C20B2D70C3F800C959C4 /* UserProfile.swift */ = {isa = PBXFileReference; lastKnownFileType = sourcecode.swift; path = UserProfile.swift; sourceTree = "<group>"; };
		E940C20D2D70C3F800C959C4 /* SupabaseService.swift */ = {isa = PBXFileReference; lastKnownFileType = sourcecode.swift; path = SupabaseService.swift; sourceTree = "<group>"; };
		E940C20E2D70C3F800C959C4 /* SupabaseServiceProtocol.swift */ = {isa = PBXFileReference; lastKnownFileType = sourcecode.swift; path = SupabaseServiceProtocol.swift; sourceTree = "<group>"; };
		E940C2132D70C3F800C959C4 /* AuthViewModel.swift */ = {isa = PBXFileReference; lastKnownFileType = sourcecode.swift; path = AuthViewModel.swift; sourceTree = "<group>"; };
		E940C2152D70C3F800C959C4 /* AuthView.swift */ = {isa = PBXFileReference; lastKnownFileType = sourcecode.swift; path = AuthView.swift; sourceTree = "<group>"; };
		E940C2192D70C3F800C959C4 /* DashboardViewModel.swift */ = {isa = PBXFileReference; lastKnownFileType = sourcecode.swift; path = DashboardViewModel.swift; sourceTree = "<group>"; };
		E940C21B2D70C3F800C959C4 /* DashboardView.swift */ = {isa = PBXFileReference; lastKnownFileType = sourcecode.swift; path = DashboardView.swift; sourceTree = "<group>"; };
		E940C21F2D70C3F800C959C4 /* ProfileViewModel.swift */ = {isa = PBXFileReference; lastKnownFileType = sourcecode.swift; path = ProfileViewModel.swift; sourceTree = "<group>"; };
		E940C2212D70C3F800C959C4 /* ProfileView.swift */ = {isa = PBXFileReference; lastKnownFileType = sourcecode.swift; path = ProfileView.swift; sourceTree = "<group>"; };
		E940C2242D70C3F800C959C4 /* Questionnaire.swift */ = {isa = PBXFileReference; lastKnownFileType = sourcecode.swift; path = Questionnaire.swift; sourceTree = "<group>"; };
		E940C2262D70C3F800C959C4 /* QuestionnaireViewModel.swift */ = {isa = PBXFileReference; lastKnownFileType = sourcecode.swift; path = QuestionnaireViewModel.swift; sourceTree = "<group>"; };
		E940C2282D70C3F800C959C4 /* GenderView.swift */ = {isa = PBXFileReference; lastKnownFileType = sourcecode.swift; path = GenderView.swift; sourceTree = "<group>"; };
		E940C22B2D70C3F800C959C4 /* Exercise.swift */ = {isa = PBXFileReference; lastKnownFileType = sourcecode.swift; path = Exercise.swift; sourceTree = "<group>"; };
		E940C22C2D70C3F800C959C4 /* WorkoutExerciseDetails.swift */ = {isa = PBXFileReference; lastKnownFileType = sourcecode.swift; path = WorkoutExerciseDetails.swift; sourceTree = "<group>"; };
		E940C22D2D70C3F800C959C4 /* WorkoutSet.swift */ = {isa = PBXFileReference; lastKnownFileType = sourcecode.swift; path = WorkoutSet.swift; sourceTree = "<group>"; };
		E940C22E2D70C3F800C959C4 /* Workout.swift */ = {isa = PBXFileReference; lastKnownFileType = sourcecode.swift; path = Workout.swift; sourceTree = "<group>"; };
		E940C2302D70C3F800C959C4 /* ExerciseViewModel.swift */ = {isa = PBXFileReference; lastKnownFileType = sourcecode.swift; path = ExerciseViewModel.swift; sourceTree = "<group>"; };
		E940C2312D70C3F800C959C4 /* WorkoutViewModel.swift */ = {isa = PBXFileReference; lastKnownFileType = sourcecode.swift; path = WorkoutViewModel.swift; sourceTree = "<group>"; };
		E940C2332D70C3F800C959C4 /* ExerciseRow.swift */ = {isa = PBXFileReference; lastKnownFileType = sourcecode.swift; path = ExerciseRow.swift; sourceTree = "<group>"; };
		E940C2342D70C3F800C959C4 /* WorkoutSetRow.swift */ = {isa = PBXFileReference; lastKnownFileType = sourcecode.swift; path = WorkoutSetRow.swift; sourceTree = "<group>"; };
		E940C2362D70C3F800C959C4 /* ExerciseLibraryView.swift */ = {isa = PBXFileReference; lastKnownFileType = sourcecode.swift; path = ExerciseLibraryView.swift; sourceTree = "<group>"; };
		E940C2372D70C3F800C959C4 /* WorkoutsView.swift */ = {isa = PBXFileReference; lastKnownFileType = sourcecode.swift; path = WorkoutsView.swift; sourceTree = "<group>"; };
		E940C23B2D70C3F800C959C4 /* Preview Assets.xcassets */ = {isa = PBXFileReference; lastKnownFileType = folder.assetcatalog; path = "Preview Assets.xcassets"; sourceTree = "<group>"; };
		E940C23D2D70C3F800C959C4 /* Badge.swift */ = {isa = PBXFileReference; lastKnownFileType = sourcecode.swift; path = Badge.swift; sourceTree = "<group>"; };
		E940C23E2D70C3F800C959C4 /* ButtonStyle.swift */ = {isa = PBXFileReference; lastKnownFileType = sourcecode.swift; path = ButtonStyle.swift; sourceTree = "<group>"; };
		E940C23F2D70C3F800C959C4 /* CardView.swift */ = {isa = PBXFileReference; lastKnownFileType = sourcecode.swift; path = CardView.swift; sourceTree = "<group>"; };
		E940C2402D70C3F800C959C4 /* CheckboxToggle.swift */ = {isa = PBXFileReference; lastKnownFileType = sourcecode.swift; path = CheckboxToggle.swift; sourceTree = "<group>"; };
		E940C2412D70C3F800C959C4 /* ProgressBar.swift */ = {isa = PBXFileReference; lastKnownFileType = sourcecode.swift; path = ProgressBar.swift; sourceTree = "<group>"; };
		E940C2422D70C3F800C959C4 /* RadioButton.swift */ = {isa = PBXFileReference; lastKnownFileType = sourcecode.swift; path = RadioButton.swift; sourceTree = "<group>"; };
		E940C2442D70C3F800C959C4 /* Inter-Italic-VariableFont_opsz,wght.ttf */ = {isa = PBXFileReference; lastKnownFileType = file; path = "Inter-Italic-VariableFont_opsz,wght.ttf"; sourceTree = "<group>"; };
		E940C2452D70C3F800C959C4 /* Inter-VariableFont_opsz,wght.ttf */ = {isa = PBXFileReference; lastKnownFileType = file; path = "Inter-VariableFont_opsz,wght.ttf"; sourceTree = "<group>"; };
		E940C2472D70C3F800C959C4 /* Assets.xcassets */ = {isa = PBXFileReference; lastKnownFileType = folder.assetcatalog; path = Assets.xcassets; sourceTree = "<group>"; };
		E940C27F2D70C8F000C959C4 /* SupabaseManager.swift */ = {isa = PBXFileReference; lastKnownFileType = sourcecode.swift; path = SupabaseManager.swift; sourceTree = "<group>"; };
		E940C2812D70C93100C959C4 /* CacheManager.swift */ = {isa = PBXFileReference; lastKnownFileType = sourcecode.swift; path = CacheManager.swift; sourceTree = "<group>"; };
		E940C2852D70CB6D00C959C4 /* PreviewHelpers.swift */ = {isa = PBXFileReference; lastKnownFileType = sourcecode.swift; path = PreviewHelpers.swift; sourceTree = "<group>"; };
		E940C2872D70D18400C959C4 /* AuthUser.swift */ = {isa = PBXFileReference; lastKnownFileType = sourcecode.swift; path = AuthUser.swift; sourceTree = "<group>"; };
		E940C28B2D70D1DD00C959C4 /* DashboardModels.swift */ = {isa = PBXFileReference; lastKnownFileType = sourcecode.swift; path = DashboardModels.swift; sourceTree = "<group>"; };
		E940C28D2D70D20500C959C4 /* URL+Extensions.swift */ = {isa = PBXFileReference; lastKnownFileType = sourcecode.swift; path = "URL+Extensions.swift"; sourceTree = "<group>"; };
		E97F15B42D70682F00153EA8 /* IntelligentHealthCoach.app */ = {isa = PBXFileReference; explicitFileType = wrapper.application; includeInIndex = 0; path = IntelligentHealthCoach.app; sourceTree = BUILT_PRODUCTS_DIR; };
		E97F15BE2D70683200153EA8 /* Preview Assets.xcassets */ = {isa = PBXFileReference; lastKnownFileType = folder.assetcatalog; path = "Preview Assets.xcassets"; sourceTree = "<group>"; };
		E97F15C42D70683200153EA8 /* IntelligentHealthCoachTests.xctest */ = {isa = PBXFileReference; explicitFileType = wrapper.cfbundle; includeInIndex = 0; path = IntelligentHealthCoachTests.xctest; sourceTree = BUILT_PRODUCTS_DIR; };
		E97F15C82D70683200153EA8 /* IntelligentHealthCoachTests.swift */ = {isa = PBXFileReference; lastKnownFileType = sourcecode.swift; path = IntelligentHealthCoachTests.swift; sourceTree = "<group>"; };
		E97F15CE2D70683200153EA8 /* IntelligentHealthCoachUITests.xctest */ = {isa = PBXFileReference; explicitFileType = wrapper.cfbundle; includeInIndex = 0; path = IntelligentHealthCoachUITests.xctest; sourceTree = BUILT_PRODUCTS_DIR; };
		E97F15D22D70683200153EA8 /* IntelligentHealthCoachUITests.swift */ = {isa = PBXFileReference; lastKnownFileType = sourcecode.swift; path = IntelligentHealthCoachUITests.swift; sourceTree = "<group>"; };
		E97F15D42D70683200153EA8 /* IntelligentHealthCoachUITestsLaunchTests.swift */ = {isa = PBXFileReference; lastKnownFileType = sourcecode.swift; path = IntelligentHealthCoachUITestsLaunchTests.swift; sourceTree = "<group>"; };
		E991DE142D834D77002B3287 /* SettingOption.swift */ = {isa = PBXFileReference; lastKnownFileType = sourcecode.swift; path = SettingOption.swift; sourceTree = "<group>"; };
/* End PBXFileReference section */

/* Begin PBXFileSystemSynchronizedRootGroup section */
		E9177D5C2D71E3B7005FEE6A /* Config */ = {isa = PBXFileSystemSynchronizedRootGroup; explicitFileTypes = {}; explicitFolders = (); path = Config; sourceTree = "<group>"; };
/* End PBXFileSystemSynchronizedRootGroup section */

/* Begin PBXFrameworksBuildPhase section */
		E97F15B12D70682F00153EA8 /* Frameworks */ = {
			isa = PBXFrameworksBuildPhase;
			buildActionMask = 2147483647;
			files = (
				E940C2912D70E05800C959C4 /* Supabase in Frameworks */,
				E940C27E2D70C4F400C959C4 /* Kingfisher in Frameworks */,
				E940C2772D70C4DD00C959C4 /* PostgREST in Frameworks */,
				E940C2752D70C4DD00C959C4 /* Functions in Frameworks */,
				E940C2732D70C4DD00C959C4 /* Auth in Frameworks */,
				E940C27B2D70C4DD00C959C4 /* Storage in Frameworks */,
				E940C2792D70C4DD00C959C4 /* Realtime in Frameworks */,
			);
			runOnlyForDeploymentPostprocessing = 0;
		};
		E97F15C12D70683200153EA8 /* Frameworks */ = {
			isa = PBXFrameworksBuildPhase;
			buildActionMask = 2147483647;
			files = (
			);
			runOnlyForDeploymentPostprocessing = 0;
		};
		E97F15CB2D70683200153EA8 /* Frameworks */ = {
			isa = PBXFrameworksBuildPhase;
			buildActionMask = 2147483647;
			files = (
			);
			runOnlyForDeploymentPostprocessing = 0;
		};
/* End PBXFrameworksBuildPhase section */

/* Begin PBXGroup section */
		E940C2042D70C3F800C959C4 /* App */ = {
			isa = PBXGroup;
			children = (
				E940C2002D70C3F800C959C4 /* AppDelegate.swift */,
				E940C2012D70C3F800C959C4 /* ContentView.swift */,
				E940C2022D70C3F800C959C4 /* Info.plist */,
				E940C2032D70C3F800C959C4 /* IntelligentHealthCoachApp.swift */,
			);
			path = App;
			sourceTree = "<group>";
		};
		E940C2052D70C3F800C959C4 /* Extensions */ = {
			isa = PBXGroup;
			children = (
				E90E043A2D868FE1003237CC /* Font+Extensions.swift */,
				E9177D6F2D722BE6005FEE6A /* JSONDecoders.swift */,
				E940C28D2D70D20500C959C4 /* URL+Extensions.swift */,
			);
			path = Extensions;
			sourceTree = "<group>";
		};
		E940C2072D70C3F800C959C4 /* origin */ = {
			isa = PBXGroup;
			children = (
				E940C2062D70C3F800C959C4 /* main */,
			);
			path = origin;
			sourceTree = "<group>";
		};
		E940C2082D70C3F800C959C4 /* remotes */ = {
			isa = PBXGroup;
			children = (
				E940C2072D70C3F800C959C4 /* origin */,
			);
			path = remotes;
			sourceTree = "<group>";
		};
		E940C2092D70C3F800C959C4 /* ExerciseDetails.swift~refs */ = {
			isa = PBXGroup;
			children = (
				E940C2082D70C3F800C959C4 /* remotes */,
			);
			path = "ExerciseDetails.swift~refs";
			sourceTree = "<group>";
		};
		E940C20C2D70C3F800C959C4 /* Models */ = {
			isa = PBXGroup;
			children = (
				E9177D732D722F32005FEE6A /* AuthError.swift */,
				E940C2092D70C3F800C959C4 /* ExerciseDetails.swift~refs */,
				E940C20A2D70C3F800C959C4 /* User.swift */,
				E940C20B2D70C3F800C959C4 /* UserProfile.swift */,
				E940C2872D70D18400C959C4 /* AuthUser.swift */,
			);
			path = Models;
			sourceTree = "<group>";
		};
		E940C20F2D70C3F800C959C4 /* Services */ = {
			isa = PBXGroup;
			children = (
				E9177D6B2D7227BC005FEE6A /* SupabaseTypes.swift */,
				E9177D5A2D71A529005FEE6A /* SupabaseModels.swift */,
				E940C20D2D70C3F800C959C4 /* SupabaseService.swift */,
				E940C20E2D70C3F800C959C4 /* SupabaseServiceProtocol.swift */,
				E940C27F2D70C8F000C959C4 /* SupabaseManager.swift */,
				E940C2812D70C93100C959C4 /* CacheManager.swift */,
			);
			path = Services;
			sourceTree = "<group>";
		};
		E940C2102D70C3F800C959C4 /* Utilities */ = {
			isa = PBXGroup;
			children = (
				E940C2852D70CB6D00C959C4 /* PreviewHelpers.swift */,
			);
			path = Utilities;
			sourceTree = "<group>";
		};
		E940C2112D70C3F800C959C4 /* Core */ = {
			isa = PBXGroup;
			children = (
				E940C2052D70C3F800C959C4 /* Extensions */,
				E940C20C2D70C3F800C959C4 /* Models */,
				E940C20F2D70C3F800C959C4 /* Services */,
				E940C2102D70C3F800C959C4 /* Utilities */,
			);
			path = Core;
			sourceTree = "<group>";
		};
		E940C2122D70C3F800C959C4 /* Models */ = {
			isa = PBXGroup;
			children = (
			);
			path = Models;
			sourceTree = "<group>";
		};
		E940C2142D70C3F800C959C4 /* ViewModels */ = {
			isa = PBXGroup;
			children = (
				E940C2132D70C3F800C959C4 /* AuthViewModel.swift */,
			);
			path = ViewModels;
			sourceTree = "<group>";
		};
		E940C2162D70C3F800C959C4 /* Views */ = {
			isa = PBXGroup;
			children = (
				E940C2152D70C3F800C959C4 /* AuthView.swift */,
			);
			path = Views;
			sourceTree = "<group>";
		};
		E940C2172D70C3F800C959C4 /* Auth */ = {
			isa = PBXGroup;
			children = (
				E940C2122D70C3F800C959C4 /* Models */,
				E940C2142D70C3F800C959C4 /* ViewModels */,
				E940C2162D70C3F800C959C4 /* Views */,
			);
			path = Auth;
			sourceTree = "<group>";
		};
		E940C2182D70C3F800C959C4 /* Models */ = {
			isa = PBXGroup;
			children = (
				E940C28B2D70D1DD00C959C4 /* DashboardModels.swift */,
			);
			path = Models;
			sourceTree = "<group>";
		};
		E940C21A2D70C3F800C959C4 /* ViewModels */ = {
			isa = PBXGroup;
			children = (
				E940C2192D70C3F800C959C4 /* DashboardViewModel.swift */,
			);
			path = ViewModels;
			sourceTree = "<group>";
		};
		E940C21C2D70C3F800C959C4 /* Views */ = {
			isa = PBXGroup;
			children = (
				E940C21B2D70C3F800C959C4 /* DashboardView.swift */,
			);
			path = Views;
			sourceTree = "<group>";
		};
		E940C21D2D70C3F800C959C4 /* Dashboard */ = {
			isa = PBXGroup;
			children = (
				E940C2182D70C3F800C959C4 /* Models */,
				E940C21A2D70C3F800C959C4 /* ViewModels */,
				E940C21C2D70C3F800C959C4 /* Views */,
			);
			path = Dashboard;
			sourceTree = "<group>";
		};
		E940C21E2D70C3F800C959C4 /* Models */ = {
			isa = PBXGroup;
			children = (
				E991DE142D834D77002B3287 /* SettingOption.swift */,
			);
			path = Models;
			sourceTree = "<group>";
		};
		E940C2202D70C3F800C959C4 /* ViewModels */ = {
			isa = PBXGroup;
			children = (
				E940C21F2D70C3F800C959C4 /* ProfileViewModel.swift */,
			);
			path = ViewModels;
			sourceTree = "<group>";
		};
		E940C2222D70C3F800C959C4 /* Views */ = {
			isa = PBXGroup;
			children = (
				E940C2212D70C3F800C959C4 /* ProfileView.swift */,
			);
			path = Views;
			sourceTree = "<group>";
		};
		E940C2232D70C3F800C959C4 /* Profiles */ = {
			isa = PBXGroup;
			children = (
				E940C21E2D70C3F800C959C4 /* Models */,
				E940C2202D70C3F800C959C4 /* ViewModels */,
				E940C2222D70C3F800C959C4 /* Views */,
			);
			path = Profiles;
			sourceTree = "<group>";
		};
		E940C2252D70C3F800C959C4 /* Models */ = {
			isa = PBXGroup;
			children = (
				E940C2242D70C3F800C959C4 /* Questionnaire.swift */,
			);
			path = Models;
			sourceTree = "<group>";
		};
		E940C2272D70C3F800C959C4 /* ViewModels */ = {
			isa = PBXGroup;
			children = (
				E940C2262D70C3F800C959C4 /* QuestionnaireViewModel.swift */,
			);
			path = ViewModels;
			sourceTree = "<group>";
		};
		E940C2292D70C3F800C959C4 /* Views */ = {
			isa = PBXGroup;
			children = (
				E940C2282D70C3F800C959C4 /* GenderView.swift */,
			);
			path = Views;
			sourceTree = "<group>";
		};
		E940C22A2D70C3F800C959C4 /* Questionnaire */ = {
			isa = PBXGroup;
			children = (
				E940C2252D70C3F800C959C4 /* Models */,
				E940C2272D70C3F800C959C4 /* ViewModels */,
				E940C2292D70C3F800C959C4 /* Views */,
			);
			path = Questionnaire;
			sourceTree = "<group>";
		};
		E940C22F2D70C3F800C959C4 /* Models */ = {
			isa = PBXGroup;
			children = (
				E9177D612D71E4B0005FEE6A /* WorkoutTemplate.swift */,
				E940C22B2D70C3F800C959C4 /* Exercise.swift */,
				E940C22C2D70C3F800C959C4 /* WorkoutExerciseDetails.swift */,
				E940C22D2D70C3F800C959C4 /* WorkoutSet.swift */,
				E940C22E2D70C3F800C959C4 /* Workout.swift */,
			);
			path = Models;
			sourceTree = "<group>";
		};
		E940C2322D70C3F800C959C4 /* ViewModels */ = {
			isa = PBXGroup;
			children = (
				E90E046A2D89E4AA003237CC /* WorkoutBuilderViewModel.swift */,
				E90E04502D88AF2D003237CC /* WorkoutExercisesViewModel.swift */,
				E940C2302D70C3F800C959C4 /* ExerciseViewModel.swift */,
				E940C2312D70C3F800C959C4 /* WorkoutViewModel.swift */,
			);
			path = ViewModels;
			sourceTree = "<group>";
		};
		E940C2352D70C3F800C959C4 /* Components */ = {
			isa = PBXGroup;
			children = (
				E90E04682D89E201003237CC /* WorkoutPreviewView.swift */,
				E90E04662D89CA1D003237CC /* FilterSheetView.swift */,
				E90E04622D89C9D9003237CC /* BottomActionButtonsView.swift */,
				E90E04602D89C9B3003237CC /* ExerciseListView.swift */,
				E90E04562D88B334003237CC /* WorkoutOptionsSheet.swift */,
				E90E04542D88B162003237CC /* ExerciseOptionsSheet.swift */,
				E940C2332D70C3F800C959C4 /* ExerciseRow.swift */,
				E940C2342D70C3F800C959C4 /* WorkoutSetRow.swift */,
				E90E044C2D8875AB003237CC /* SetsSelectionSheet.swift */,
				E90E04522D88B0D9003237CC /* WorkoutExerciseRow.swift */,
			);
			path = Components;
			sourceTree = "<group>";
		};
		E940C2382D70C3F800C959C4 /* Views */ = {
			isa = PBXGroup;
			children = (
				E90E043E2D86A76A003237CC /* WorkoutActionSheet.swift */,
				E92A97BA2D8203D90023F808 /* WorkoutTrackingView.swift */,
				E92A97B82D8203580023F808 /* ExerciseDetailView.swift */,
				E940C2352D70C3F800C959C4 /* Components */,
				E940C2362D70C3F800C959C4 /* ExerciseLibraryView.swift */,
				E940C2372D70C3F800C959C4 /* WorkoutsView.swift */,
				E90E04442D86EE7A003237CC /* ChooseWorkoutView.swift */,
				E90E044E2D88ACB5003237CC /* WorkoutExercisesView.swift */,
			);
			path = Views;
			sourceTree = "<group>";
		};
		E940C2392D70C3F800C959C4 /* Workouts */ = {
			isa = PBXGroup;
			children = (
				E940C22F2D70C3F800C959C4 /* Models */,
				E940C2322D70C3F800C959C4 /* ViewModels */,
				E940C2382D70C3F800C959C4 /* Views */,
			);
			path = Workouts;
			sourceTree = "<group>";
		};
		E940C23A2D70C3F800C959C4 /* Features */ = {
			isa = PBXGroup;
			children = (
				E940C2172D70C3F800C959C4 /* Auth */,
				E940C21D2D70C3F800C959C4 /* Dashboard */,
				E940C2232D70C3F800C959C4 /* Profiles */,
				E940C22A2D70C3F800C959C4 /* Questionnaire */,
				E940C2392D70C3F800C959C4 /* Workouts */,
			);
			path = Features;
			sourceTree = "<group>";
		};
		E940C23C2D70C3F800C959C4 /* Preview Content */ = {
			isa = PBXGroup;
			children = (
				E940C23B2D70C3F800C959C4 /* Preview Assets.xcassets */,
			);
			path = "Preview Content";
			sourceTree = "<group>";
		};
		E940C2432D70C3F800C959C4 /* Components */ = {
			isa = PBXGroup;
			children = (
				E90E045C2D89C963003237CC /* CategorySelectionView.swift */,
				E90E045A2D89C941003237CC /* TitleView.swift */,
				E90E04582D89C913003237CC /* HeaderView.swift */,
				E90E04422D86EE1B003237CC /* BackButton.swift */,
				E90E04402D86DF73003237CC /* ShortcutSheet.swift */,
				E92A97B62D8202630023F808 /* LoadingView.swift */,
				E940C23D2D70C3F800C959C4 /* Badge.swift */,
				E940C23E2D70C3F800C959C4 /* ButtonStyle.swift */,
				E940C23F2D70C3F800C959C4 /* CardView.swift */,
				E940C2402D70C3F800C959C4 /* CheckboxToggle.swift */,
				E940C2412D70C3F800C959C4 /* ProgressBar.swift */,
				E940C2422D70C3F800C959C4 /* RadioButton.swift */,
				E90E04382D85DFED003237CC /* TabBarView.swift */,
				E90E043C2D86A6BE003237CC /* FlexibleSheet.swift */,
				E90E04462D87348C003237CC /* CategoryButton.swift */,
				E90E04482D873A14003237CC /* AlphabetSelector.swift */,
				E90E045E2D89C993003237CC /* EnhancedAlphabetSelector.swift */,
				E90E04642D89C9F9003237CC /* FloatingActionButtonView.swift */,
				E91BC4392D8D48B700902061 /* ExerciseGIF.swift */,
				E91BC43B2D8D556B00902061 /* SafeAreaSpacerView.swift */,
			);
			path = Components;
			sourceTree = "<group>";
		};
		E940C2462D70C3F800C959C4 /* Fonts */ = {
			isa = PBXGroup;
			children = (
				E940C2442D70C3F800C959C4 /* Inter-Italic-VariableFont_opsz,wght.ttf */,
				E940C2452D70C3F800C959C4 /* Inter-VariableFont_opsz,wght.ttf */,
			);
			path = Fonts;
			sourceTree = "<group>";
		};
		E940C2482D70C3F800C959C4 /* Resources */ = {
			isa = PBXGroup;
			children = (
				E940C2462D70C3F800C959C4 /* Fonts */,
				E940C2472D70C3F800C959C4 /* Assets.xcassets */,
			);
			path = Resources;
			sourceTree = "<group>";
		};
		E940C2492D70C3F800C959C4 /* Styles */ = {
			isa = PBXGroup;
			children = (
				E90E044A2D886D75003237CC /* AppStyles.swift */,
			);
			path = Styles;
			sourceTree = "<group>";
		};
		E940C24A2D70C3F800C959C4 /* UI */ = {
			isa = PBXGroup;
			children = (
				E940C2432D70C3F800C959C4 /* Components */,
				E940C2482D70C3F800C959C4 /* Resources */,
				E940C2492D70C3F800C959C4 /* Styles */,
			);
			path = UI;
			sourceTree = "<group>";
		};
		E940C28F2D70E05800C959C4 /* Frameworks */ = {
			isa = PBXGroup;
			children = (
			);
			name = Frameworks;
			sourceTree = "<group>";
		};
		E97F15AB2D70682F00153EA8 = {
			isa = PBXGroup;
			children = (
				E97F15B62D70682F00153EA8 /* IntelligentHealthCoach */,
				E97F15C72D70683200153EA8 /* IntelligentHealthCoachTests */,
				E97F15D12D70683200153EA8 /* IntelligentHealthCoachUITests */,
				E940C28F2D70E05800C959C4 /* Frameworks */,
				E97F15B52D70682F00153EA8 /* Products */,
			);
			sourceTree = "<group>";
		};
		E97F15B52D70682F00153EA8 /* Products */ = {
			isa = PBXGroup;
			children = (
				E97F15B42D70682F00153EA8 /* IntelligentHealthCoach.app */,
				E97F15C42D70683200153EA8 /* IntelligentHealthCoachTests.xctest */,
				E97F15CE2D70683200153EA8 /* IntelligentHealthCoachUITests.xctest */,
			);
			name = Products;
			sourceTree = "<group>";
		};
		E97F15B62D70682F00153EA8 /* IntelligentHealthCoach */ = {
			isa = PBXGroup;
			children = (
				E9177D5C2D71E3B7005FEE6A /* Config */,
				E940C2042D70C3F800C959C4 /* App */,
				E940C2112D70C3F800C959C4 /* Core */,
				E940C23A2D70C3F800C959C4 /* Features */,
				E940C23C2D70C3F800C959C4 /* Preview Content */,
				E940C24A2D70C3F800C959C4 /* UI */,
				E97F15BD2D70683200153EA8 /* Preview Content */,
			);
			path = IntelligentHealthCoach;
			sourceTree = "<group>";
		};
		E97F15BD2D70683200153EA8 /* Preview Content */ = {
			isa = PBXGroup;
			children = (
				E97F15BE2D70683200153EA8 /* Preview Assets.xcassets */,
			);
			path = "Preview Content";
			sourceTree = "<group>";
		};
		E97F15C72D70683200153EA8 /* IntelligentHealthCoachTests */ = {
			isa = PBXGroup;
			children = (
				E97F15C82D70683200153EA8 /* IntelligentHealthCoachTests.swift */,
			);
			path = IntelligentHealthCoachTests;
			sourceTree = "<group>";
		};
		E97F15D12D70683200153EA8 /* IntelligentHealthCoachUITests */ = {
			isa = PBXGroup;
			children = (
				E97F15D22D70683200153EA8 /* IntelligentHealthCoachUITests.swift */,
				E97F15D42D70683200153EA8 /* IntelligentHealthCoachUITestsLaunchTests.swift */,
			);
			path = IntelligentHealthCoachUITests;
			sourceTree = "<group>";
		};
/* End PBXGroup section */

/* Begin PBXNativeTarget section */
		E97F15B32D70682F00153EA8 /* IntelligentHealthCoach */ = {
			isa = PBXNativeTarget;
			buildConfigurationList = E97F15D82D70683200153EA8 /* Build configuration list for PBXNativeTarget "IntelligentHealthCoach" */;
			buildPhases = (
				E97F15B02D70682F00153EA8 /* Sources */,
				E97F15B12D70682F00153EA8 /* Frameworks */,
				E97F15B22D70682F00153EA8 /* Resources */,
			);
			buildRules = (
			);
			dependencies = (
			);
			fileSystemSynchronizedGroups = (
				E9177D5C2D71E3B7005FEE6A /* Config */,
			);
			name = IntelligentHealthCoach;
			productName = IntelligentHealthCoach;
			productReference = E97F15B42D70682F00153EA8 /* IntelligentHealthCoach.app */;
			productType = "com.apple.product-type.application";
		};
		E97F15C32D70683200153EA8 /* IntelligentHealthCoachTests */ = {
			isa = PBXNativeTarget;
			buildConfigurationList = E97F15DB2D70683200153EA8 /* Build configuration list for PBXNativeTarget "IntelligentHealthCoachTests" */;
			buildPhases = (
				E97F15C02D70683200153EA8 /* Sources */,
				E97F15C12D70683200153EA8 /* Frameworks */,
				E97F15C22D70683200153EA8 /* Resources */,
			);
			buildRules = (
			);
			dependencies = (
				E97F15C62D70683200153EA8 /* PBXTargetDependency */,
			);
			name = IntelligentHealthCoachTests;
			productName = IntelligentHealthCoachTests;
			productReference = E97F15C42D70683200153EA8 /* IntelligentHealthCoachTests.xctest */;
			productType = "com.apple.product-type.bundle.unit-test";
		};
		E97F15CD2D70683200153EA8 /* IntelligentHealthCoachUITests */ = {
			isa = PBXNativeTarget;
			buildConfigurationList = E97F15DE2D70683200153EA8 /* Build configuration list for PBXNativeTarget "IntelligentHealthCoachUITests" */;
			buildPhases = (
				E97F15CA2D70683200153EA8 /* Sources */,
				E97F15CB2D70683200153EA8 /* Frameworks */,
				E97F15CC2D70683200153EA8 /* Resources */,
			);
			buildRules = (
			);
			dependencies = (
				E97F15D02D70683200153EA8 /* PBXTargetDependency */,
			);
			name = IntelligentHealthCoachUITests;
			productName = IntelligentHealthCoachUITests;
			productReference = E97F15CE2D70683200153EA8 /* IntelligentHealthCoachUITests.xctest */;
			productType = "com.apple.product-type.bundle.ui-testing";
		};
/* End PBXNativeTarget section */

/* Begin PBXProject section */
		E97F15AC2D70682F00153EA8 /* Project object */ = {
			isa = PBXProject;
			attributes = {
				BuildIndependentTargetsInParallel = 1;
				LastSwiftUpdateCheck = 1520;
				LastUpgradeCheck = 1620;
				TargetAttributes = {
					E97F15B32D70682F00153EA8 = {
						CreatedOnToolsVersion = 15.2;
					};
					E97F15C32D70683200153EA8 = {
						CreatedOnToolsVersion = 15.2;
						TestTargetID = E97F15B32D70682F00153EA8;
					};
					E97F15CD2D70683200153EA8 = {
						CreatedOnToolsVersion = 15.2;
						TestTargetID = E97F15B32D70682F00153EA8;
					};
				};
			};
			buildConfigurationList = E97F15AF2D70682F00153EA8 /* Build configuration list for PBXProject "IntelligentHealthCoach" */;
			compatibilityVersion = "Xcode 14.0";
			developmentRegion = en;
			hasScannedForEncodings = 0;
			knownRegions = (
				en,
				Base,
			);
			mainGroup = E97F15AB2D70682F00153EA8;
			packageReferences = (
				E940C2712D70C4DD00C959C4 /* XCRemoteSwiftPackageReference "supabase-swift" */,
				E940C27C2D70C4F400C959C4 /* XCRemoteSwiftPackageReference "Kingfisher" */,
			);
			productRefGroup = E97F15B52D70682F00153EA8 /* Products */;
			projectDirPath = "";
			projectRoot = "";
			targets = (
				E97F15B32D70682F00153EA8 /* IntelligentHealthCoach */,
				E97F15C32D70683200153EA8 /* IntelligentHealthCoachTests */,
				E97F15CD2D70683200153EA8 /* IntelligentHealthCoachUITests */,
			);
		};
/* End PBXProject section */

/* Begin PBXResourcesBuildPhase section */
		E97F15B22D70682F00153EA8 /* Resources */ = {
			isa = PBXResourcesBuildPhase;
			buildActionMask = 2147483647;
			files = (
				E97F15BF2D70683200153EA8 /* Preview Assets.xcassets in Resources */,
				E940C26D2D70C3F800C959C4 /* Assets.xcassets in Resources */,
				E940C26E2D70C3F800C959C4 /* main in Resources */,
				E940C26F2D70C3F800C959C4 /* Inter-VariableFont_opsz,wght.ttf in Resources */,
				E940C2702D70C3F800C959C4 /* Inter-Italic-VariableFont_opsz,wght.ttf in Resources */,
			);
			runOnlyForDeploymentPostprocessing = 0;
		};
		E97F15C22D70683200153EA8 /* Resources */ = {
			isa = PBXResourcesBuildPhase;
			buildActionMask = 2147483647;
			files = (
			);
			runOnlyForDeploymentPostprocessing = 0;
		};
		E97F15CC2D70683200153EA8 /* Resources */ = {
			isa = PBXResourcesBuildPhase;
			buildActionMask = 2147483647;
			files = (
			);
			runOnlyForDeploymentPostprocessing = 0;
		};
/* End PBXResourcesBuildPhase section */

/* Begin PBXSourcesBuildPhase section */
		E97F15B02D70682F00153EA8 /* Sources */ = {
			isa = PBXSourcesBuildPhase;
			buildActionMask = 2147483647;
			files = (
				E90E04512D88AF30003237CC /* WorkoutExercisesViewModel.swift in Sources */,
				E940C24B2D70C3F800C959C4 /* AppDelegate.swift in Sources */,
				E92A97B92D8203590023F808 /* ExerciseDetailView.swift in Sources */,
				E940C24C2D70C3F800C959C4 /* CheckboxToggle.swift in Sources */,
				E90E044B2D886D76003237CC /* AppStyles.swift in Sources */,
				E940C24D2D70C3F800C959C4 /* WorkoutSetRow.swift in Sources */,
				E90E04632D89C9DB003237CC /* BottomActionButtonsView.swift in Sources */,
				E940C24E2D70C3F800C959C4 /* DashboardViewModel.swift in Sources */,
				E991DE152D834D78002B3287 /* SettingOption.swift in Sources */,
				E90E04492D873A14003237CC /* AlphabetSelector.swift in Sources */,
				E90E04572D88B335003237CC /* WorkoutOptionsSheet.swift in Sources */,
				E940C2862D70CB6D00C959C4 /* PreviewHelpers.swift in Sources */,
				E90E043D2D86A6BE003237CC /* FlexibleSheet.swift in Sources */,
				E940C24F2D70C3F800C959C4 /* ExerciseRow.swift in Sources */,
				E940C2502D70C3F800C959C4 /* WorkoutViewModel.swift in Sources */,
				E90E04412D86DF74003237CC /* ShortcutSheet.swift in Sources */,
				E90E04592D89C91A003237CC /* HeaderView.swift in Sources */,
				E90E04392D85DFED003237CC /* TabBarView.swift in Sources */,
				E9177D5B2D71A52C005FEE6A /* SupabaseModels.swift in Sources */,
				E940C2512D70C3F800C959C4 /* RadioButton.swift in Sources */,
				E90E043B2D868FE3003237CC /* Font+Extensions.swift in Sources */,
				E940C2522D70C3F800C959C4 /* ExerciseViewModel.swift in Sources */,
				E940C2532D70C3F800C959C4 /* QuestionnaireViewModel.swift in Sources */,
				E90E046B2D89E4AB003237CC /* WorkoutBuilderViewModel.swift in Sources */,
				E91BC43A2D8D48B700902061 /* ExerciseGIF.swift in Sources */,
				E90E04672D89CA1F003237CC /* FilterSheetView.swift in Sources */,
				E9177D6C2D7227C1005FEE6A /* SupabaseTypes.swift in Sources */,
				E940C2542D70C3F800C959C4 /* AuthViewModel.swift in Sources */,
				E90E045B2D89C941003237CC /* TitleView.swift in Sources */,
				E940C2552D70C3F800C959C4 /* SupabaseService.swift in Sources */,
				E940C2562D70C3F800C959C4 /* UserProfile.swift in Sources */,
				E90E04652D89C9F9003237CC /* FloatingActionButtonView.swift in Sources */,
				E940C2572D70C3F800C959C4 /* WorkoutsView.swift in Sources */,
				E940C2582D70C3F800C959C4 /* ProfileView.swift in Sources */,
				E90E04452D86EE7A003237CC /* ChooseWorkoutView.swift in Sources */,
				E91BC43C2D8D556B00902061 /* SafeAreaSpacerView.swift in Sources */,
				E90E04472D87348C003237CC /* CategoryButton.swift in Sources */,
				E940C2592D70C3F800C959C4 /* WorkoutSet.swift in Sources */,
				E90E04692D89E203003237CC /* WorkoutPreviewView.swift in Sources */,
				E90E045F2D89C994003237CC /* EnhancedAlphabetSelector.swift in Sources */,
				E940C25A2D70C3F800C959C4 /* ExerciseLibraryView.swift in Sources */,
				E940C25B2D70C3F800C959C4 /* DashboardView.swift in Sources */,
				E940C25C2D70C3F800C959C4 /* ButtonStyle.swift in Sources */,
				E9177D742D722F32005FEE6A /* AuthError.swift in Sources */,
				E940C25D2D70C3F800C959C4 /* WorkoutExerciseDetails.swift in Sources */,
				E9177D702D722BE8005FEE6A /* JSONDecoders.swift in Sources */,
				E940C2802D70C8F000C959C4 /* SupabaseManager.swift in Sources */,
				E92A97B72D82026B0023F808 /* LoadingView.swift in Sources */,
				E940C25E2D70C3F800C959C4 /* Questionnaire.swift in Sources */,
				E90E045D2D89C964003237CC /* CategorySelectionView.swift in Sources */,
				E940C25F2D70C3F800C959C4 /* Workout.swift in Sources */,
				E940C2602D70C3F800C959C4 /* CardView.swift in Sources */,
				E90E04532D88B0D9003237CC /* WorkoutExerciseRow.swift in Sources */,
				E940C2612D70C3F800C959C4 /* User.swift in Sources */,
				E940C2622D70C3F800C959C4 /* SupabaseServiceProtocol.swift in Sources */,
				E940C2632D70C3F800C959C4 /* Badge.swift in Sources */,
				E940C28C2D70D1DF00C959C4 /* DashboardModels.swift in Sources */,
				E940C2642D70C3F800C959C4 /* GenderView.swift in Sources */,
				E940C2822D70C93100C959C4 /* CacheManager.swift in Sources */,
				E9177D622D71E4B0005FEE6A /* WorkoutTemplate.swift in Sources */,
				E90E04552D88B163003237CC /* ExerciseOptionsSheet.swift in Sources */,
				E940C2652D70C3F800C959C4 /* IntelligentHealthCoachApp.swift in Sources */,
				E940C2662D70C3F800C959C4 /* ProgressBar.swift in Sources */,
				E90E04612D89C9B3003237CC /* ExerciseListView.swift in Sources */,
				E940C2882D70D18400C959C4 /* AuthUser.swift in Sources */,
				E90E043F2D86A76C003237CC /* WorkoutActionSheet.swift in Sources */,
				E940C2672D70C3F800C959C4 /* ProfileViewModel.swift in Sources */,
				E940C28E2D70D20600C959C4 /* URL+Extensions.swift in Sources */,
				E90E044F2D88ACB5003237CC /* WorkoutExercisesView.swift in Sources */,
				E940C2682D70C3F800C959C4 /* Exercise.swift in Sources */,
				E90E044D2D8875AB003237CC /* SetsSelectionSheet.swift in Sources */,
				E90E04432D86EE1F003237CC /* BackButton.swift in Sources */,
				E940C2692D70C3F800C959C4 /* ContentView.swift in Sources */,
				E940C26A2D70C3F800C959C4 /* AuthView.swift in Sources */,
				E92A97BB2D8203DA0023F808 /* WorkoutTrackingView.swift in Sources */,
			);
			runOnlyForDeploymentPostprocessing = 0;
		};
		E97F15C02D70683200153EA8 /* Sources */ = {
			isa = PBXSourcesBuildPhase;
			buildActionMask = 2147483647;
			files = (
				E97F15C92D70683200153EA8 /* IntelligentHealthCoachTests.swift in Sources */,
			);
			runOnlyForDeploymentPostprocessing = 0;
		};
		E97F15CA2D70683200153EA8 /* Sources */ = {
			isa = PBXSourcesBuildPhase;
			buildActionMask = 2147483647;
			files = (
				E97F15D32D70683200153EA8 /* IntelligentHealthCoachUITests.swift in Sources */,
				E97F15D52D70683200153EA8 /* IntelligentHealthCoachUITestsLaunchTests.swift in Sources */,
			);
			runOnlyForDeploymentPostprocessing = 0;
		};
/* End PBXSourcesBuildPhase section */

/* Begin PBXTargetDependency section */
		E97F15C62D70683200153EA8 /* PBXTargetDependency */ = {
			isa = PBXTargetDependency;
			target = E97F15B32D70682F00153EA8 /* IntelligentHealthCoach */;
			targetProxy = E97F15C52D70683200153EA8 /* PBXContainerItemProxy */;
		};
		E97F15D02D70683200153EA8 /* PBXTargetDependency */ = {
			isa = PBXTargetDependency;
			target = E97F15B32D70682F00153EA8 /* IntelligentHealthCoach */;
			targetProxy = E97F15CF2D70683200153EA8 /* PBXContainerItemProxy */;
		};
/* End PBXTargetDependency section */

/* Begin XCBuildConfiguration section */
		E9177D632D71E5C8005FEE6A /* Development */ = {
			isa = XCBuildConfiguration;
			buildSettings = {
				ALWAYS_SEARCH_USER_PATHS = NO;
				ASSETCATALOG_COMPILER_GENERATE_SWIFT_ASSET_SYMBOL_EXTENSIONS = YES;
				CLANG_ANALYZER_NONNULL = YES;
				CLANG_ANALYZER_NUMBER_OBJECT_CONVERSION = YES_AGGRESSIVE;
				CLANG_CXX_LANGUAGE_STANDARD = "gnu++20";
				CLANG_ENABLE_MODULES = YES;
				CLANG_ENABLE_OBJC_ARC = YES;
				CLANG_ENABLE_OBJC_WEAK = YES;
				CLANG_WARN_BLOCK_CAPTURE_AUTORELEASING = YES;
				CLANG_WARN_BOOL_CONVERSION = YES;
				CLANG_WARN_COMMA = YES;
				CLANG_WARN_CONSTANT_CONVERSION = YES;
				CLANG_WARN_DEPRECATED_OBJC_IMPLEMENTATIONS = YES;
				CLANG_WARN_DIRECT_OBJC_ISA_USAGE = YES_ERROR;
				CLANG_WARN_DOCUMENTATION_COMMENTS = YES;
				CLANG_WARN_EMPTY_BODY = YES;
				CLANG_WARN_ENUM_CONVERSION = YES;
				CLANG_WARN_INFINITE_RECURSION = YES;
				CLANG_WARN_INT_CONVERSION = YES;
				CLANG_WARN_NON_LITERAL_NULL_CONVERSION = YES;
				CLANG_WARN_OBJC_IMPLICIT_RETAIN_SELF = YES;
				CLANG_WARN_OBJC_LITERAL_CONVERSION = YES;
				CLANG_WARN_OBJC_ROOT_CLASS = YES_ERROR;
				CLANG_WARN_QUOTED_INCLUDE_IN_FRAMEWORK_HEADER = YES;
				CLANG_WARN_RANGE_LOOP_ANALYSIS = YES;
				CLANG_WARN_STRICT_PROTOTYPES = YES;
				CLANG_WARN_SUSPICIOUS_MOVE = YES;
				CLANG_WARN_UNGUARDED_AVAILABILITY = YES_AGGRESSIVE;
				CLANG_WARN_UNREACHABLE_CODE = YES;
				CLANG_WARN__DUPLICATE_METHOD_MATCH = YES;
				COPY_PHASE_STRIP = NO;
				DEBUG_INFORMATION_FORMAT = dwarf;
				ENABLE_STRICT_OBJC_MSGSEND = YES;
				ENABLE_TESTABILITY = YES;
				ENABLE_USER_SCRIPT_SANDBOXING = YES;
				GCC_C_LANGUAGE_STANDARD = gnu17;
				GCC_DYNAMIC_NO_PIC = NO;
				GCC_NO_COMMON_BLOCKS = YES;
				GCC_OPTIMIZATION_LEVEL = 0;
				GCC_PREPROCESSOR_DEFINITIONS = (
					"DEBUG=1",
					"$(inherited)",
				);
				GCC_WARN_64_TO_32_BIT_CONVERSION = YES;
				GCC_WARN_ABOUT_RETURN_TYPE = YES_ERROR;
				GCC_WARN_UNDECLARED_SELECTOR = YES;
				GCC_WARN_UNINITIALIZED_AUTOS = YES_AGGRESSIVE;
				GCC_WARN_UNUSED_FUNCTION = YES;
				GCC_WARN_UNUSED_VARIABLE = YES;
				IPHONEOS_DEPLOYMENT_TARGET = 17.2;
				LOCALIZATION_PREFERS_STRING_CATALOGS = YES;
				MTL_ENABLE_DEBUG_INFO = INCLUDE_SOURCE;
				MTL_FAST_MATH = YES;
				ONLY_ACTIVE_ARCH = YES;
				SDKROOT = iphoneos;
				SWIFT_ACTIVE_COMPILATION_CONDITIONS = "DEBUG $(inherited)";
				SWIFT_OPTIMIZATION_LEVEL = "-Onone";
			};
			name = Development;
		};
		E9177D642D71E5C8005FEE6A /* Development */ = {
			isa = XCBuildConfiguration;
			baseConfigurationReferenceAnchor = E9177D5C2D71E3B7005FEE6A /* Config */;
			baseConfigurationReferenceRelativePath = Development.xcconfig;
			buildSettings = {
				ASSETCATALOG_COMPILER_APPICON_NAME = AppIcon;
				ASSETCATALOG_COMPILER_GLOBAL_ACCENT_COLOR_NAME = AccentColor;
				CODE_SIGN_STYLE = Automatic;
				CURRENT_PROJECT_VERSION = 1;
				DEVELOPMENT_ASSET_PATHS = "\"IntelligentHealthCoach/Preview Content\"";
				DEVELOPMENT_TEAM = S73CUBL6T6;
				ENABLE_PREVIEWS = YES;
				GENERATE_INFOPLIST_FILE = YES;
				INFOPLIST_FILE = IntelligentHealthCoach/App/Info.plist;
				INFOPLIST_KEY_LSApplicationCategoryType = "public.app-category.healthcare-fitness";
				INFOPLIST_KEY_UIApplicationSceneManifest_Generation = YES;
				INFOPLIST_KEY_UIApplicationSupportsIndirectInputEvents = YES;
				INFOPLIST_KEY_UILaunchScreen_Generation = YES;
				INFOPLIST_KEY_UISupportedInterfaceOrientations_iPad = "UIInterfaceOrientationPortrait UIInterfaceOrientationPortraitUpsideDown UIInterfaceOrientationLandscapeLeft UIInterfaceOrientationLandscapeRight";
				INFOPLIST_KEY_UISupportedInterfaceOrientations_iPhone = "UIInterfaceOrientationPortrait UIInterfaceOrientationLandscapeLeft UIInterfaceOrientationLandscapeRight";
				LD_RUNPATH_SEARCH_PATHS = (
					"$(inherited)",
					"@executable_path/Frameworks",
				);
				MARKETING_VERSION = 1.0;
				PRODUCT_BUNDLE_IDENTIFIER = casperbroe.IntelligentHealthCoach;
				PRODUCT_NAME = "$(TARGET_NAME)";
				SWIFT_EMIT_LOC_STRINGS = YES;
				SWIFT_VERSION = 5.0;
				TARGETED_DEVICE_FAMILY = "1,2";
			};
			name = Development;
		};
		E9177D652D71E5C8005FEE6A /* Development */ = {
			isa = XCBuildConfiguration;
			buildSettings = {
				BUNDLE_LOADER = "$(TEST_HOST)";
				CODE_SIGN_STYLE = Automatic;
				CURRENT_PROJECT_VERSION = 1;
				GENERATE_INFOPLIST_FILE = YES;
				IPHONEOS_DEPLOYMENT_TARGET = 17.2;
				MARKETING_VERSION = 1.0;
				PRODUCT_BUNDLE_IDENTIFIER = casperbroe.IntelligentHealthCoachTests;
				PRODUCT_NAME = "$(TARGET_NAME)";
				SWIFT_EMIT_LOC_STRINGS = NO;
				SWIFT_VERSION = 5.0;
				TARGETED_DEVICE_FAMILY = "1,2";
				TEST_HOST = "$(BUILT_PRODUCTS_DIR)/IntelligentHealthCoach.app/$(BUNDLE_EXECUTABLE_FOLDER_PATH)/IntelligentHealthCoach";
			};
			name = Development;
		};
		E9177D662D71E5C8005FEE6A /* Development */ = {
			isa = XCBuildConfiguration;
			buildSettings = {
				CODE_SIGN_STYLE = Automatic;
				CURRENT_PROJECT_VERSION = 1;
				GENERATE_INFOPLIST_FILE = YES;
				MARKETING_VERSION = 1.0;
				PRODUCT_BUNDLE_IDENTIFIER = casperbroe.IntelligentHealthCoachUITests;
				PRODUCT_NAME = "$(TARGET_NAME)";
				SWIFT_EMIT_LOC_STRINGS = NO;
				SWIFT_VERSION = 5.0;
				TARGETED_DEVICE_FAMILY = "1,2";
				TEST_TARGET_NAME = IntelligentHealthCoach;
			};
			name = Development;
		};
		E9177D672D71E5E2005FEE6A /* Production */ = {
			isa = XCBuildConfiguration;
			buildSettings = {
				ALWAYS_SEARCH_USER_PATHS = NO;
				ASSETCATALOG_COMPILER_GENERATE_SWIFT_ASSET_SYMBOL_EXTENSIONS = YES;
				CLANG_ANALYZER_NONNULL = YES;
				CLANG_ANALYZER_NUMBER_OBJECT_CONVERSION = YES_AGGRESSIVE;
				CLANG_CXX_LANGUAGE_STANDARD = "gnu++20";
				CLANG_ENABLE_MODULES = YES;
				CLANG_ENABLE_OBJC_ARC = YES;
				CLANG_ENABLE_OBJC_WEAK = YES;
				CLANG_WARN_BLOCK_CAPTURE_AUTORELEASING = YES;
				CLANG_WARN_BOOL_CONVERSION = YES;
				CLANG_WARN_COMMA = YES;
				CLANG_WARN_CONSTANT_CONVERSION = YES;
				CLANG_WARN_DEPRECATED_OBJC_IMPLEMENTATIONS = YES;
				CLANG_WARN_DIRECT_OBJC_ISA_USAGE = YES_ERROR;
				CLANG_WARN_DOCUMENTATION_COMMENTS = YES;
				CLANG_WARN_EMPTY_BODY = YES;
				CLANG_WARN_ENUM_CONVERSION = YES;
				CLANG_WARN_INFINITE_RECURSION = YES;
				CLANG_WARN_INT_CONVERSION = YES;
				CLANG_WARN_NON_LITERAL_NULL_CONVERSION = YES;
				CLANG_WARN_OBJC_IMPLICIT_RETAIN_SELF = YES;
				CLANG_WARN_OBJC_LITERAL_CONVERSION = YES;
				CLANG_WARN_OBJC_ROOT_CLASS = YES_ERROR;
				CLANG_WARN_QUOTED_INCLUDE_IN_FRAMEWORK_HEADER = YES;
				CLANG_WARN_RANGE_LOOP_ANALYSIS = YES;
				CLANG_WARN_STRICT_PROTOTYPES = YES;
				CLANG_WARN_SUSPICIOUS_MOVE = YES;
				CLANG_WARN_UNGUARDED_AVAILABILITY = YES_AGGRESSIVE;
				CLANG_WARN_UNREACHABLE_CODE = YES;
				CLANG_WARN__DUPLICATE_METHOD_MATCH = YES;
				COPY_PHASE_STRIP = NO;
				DEBUG_INFORMATION_FORMAT = "dwarf-with-dsym";
				ENABLE_NS_ASSERTIONS = NO;
				ENABLE_STRICT_OBJC_MSGSEND = YES;
				ENABLE_USER_SCRIPT_SANDBOXING = YES;
				GCC_C_LANGUAGE_STANDARD = gnu17;
				GCC_NO_COMMON_BLOCKS = YES;
				GCC_WARN_64_TO_32_BIT_CONVERSION = YES;
				GCC_WARN_ABOUT_RETURN_TYPE = YES_ERROR;
				GCC_WARN_UNDECLARED_SELECTOR = YES;
				GCC_WARN_UNINITIALIZED_AUTOS = YES_AGGRESSIVE;
				GCC_WARN_UNUSED_FUNCTION = YES;
				GCC_WARN_UNUSED_VARIABLE = YES;
				IPHONEOS_DEPLOYMENT_TARGET = 17.2;
				LOCALIZATION_PREFERS_STRING_CATALOGS = YES;
				MTL_ENABLE_DEBUG_INFO = NO;
				MTL_FAST_MATH = YES;
				SDKROOT = iphoneos;
				SWIFT_COMPILATION_MODE = wholemodule;
				VALIDATE_PRODUCT = YES;
			};
			name = Production;
		};
		E9177D682D71E5E2005FEE6A /* Production */ = {
			isa = XCBuildConfiguration;
			baseConfigurationReferenceAnchor = E9177D5C2D71E3B7005FEE6A /* Config */;
			baseConfigurationReferenceRelativePath = Production.xcconfig;
			buildSettings = {
				ASSETCATALOG_COMPILER_APPICON_NAME = AppIcon;
				ASSETCATALOG_COMPILER_GLOBAL_ACCENT_COLOR_NAME = AccentColor;
				CODE_SIGN_STYLE = Automatic;
				CURRENT_PROJECT_VERSION = 1;
				DEVELOPMENT_ASSET_PATHS = "\"IntelligentHealthCoach/Preview Content\"";
				DEVELOPMENT_TEAM = S73CUBL6T6;
				ENABLE_PREVIEWS = YES;
				GENERATE_INFOPLIST_FILE = YES;
				INFOPLIST_FILE = IntelligentHealthCoach/App/Info.plist;
				INFOPLIST_KEY_LSApplicationCategoryType = "public.app-category.healthcare-fitness";
				INFOPLIST_KEY_UIApplicationSceneManifest_Generation = YES;
				INFOPLIST_KEY_UIApplicationSupportsIndirectInputEvents = YES;
				INFOPLIST_KEY_UILaunchScreen_Generation = YES;
				INFOPLIST_KEY_UISupportedInterfaceOrientations_iPad = "UIInterfaceOrientationPortrait UIInterfaceOrientationPortraitUpsideDown UIInterfaceOrientationLandscapeLeft UIInterfaceOrientationLandscapeRight";
				INFOPLIST_KEY_UISupportedInterfaceOrientations_iPhone = "UIInterfaceOrientationPortrait UIInterfaceOrientationLandscapeLeft UIInterfaceOrientationLandscapeRight";
				LD_RUNPATH_SEARCH_PATHS = (
					"$(inherited)",
					"@executable_path/Frameworks",
				);
				MARKETING_VERSION = 1.0;
				PRODUCT_BUNDLE_IDENTIFIER = casperbroe.IntelligentHealthCoach;
				PRODUCT_NAME = "$(TARGET_NAME)";
				SWIFT_EMIT_LOC_STRINGS = YES;
				SWIFT_OPTIMIZATION_LEVEL = "-Onone";
				SWIFT_VERSION = 5.0;
				TARGETED_DEVICE_FAMILY = "1,2";
			};
			name = Production;
		};
		E9177D692D71E5E2005FEE6A /* Production */ = {
			isa = XCBuildConfiguration;
			buildSettings = {
				BUNDLE_LOADER = "$(TEST_HOST)";
				CODE_SIGN_STYLE = Automatic;
				CURRENT_PROJECT_VERSION = 1;
				GENERATE_INFOPLIST_FILE = YES;
				IPHONEOS_DEPLOYMENT_TARGET = 17.2;
				MARKETING_VERSION = 1.0;
				PRODUCT_BUNDLE_IDENTIFIER = casperbroe.IntelligentHealthCoachTests;
				PRODUCT_NAME = "$(TARGET_NAME)";
				SWIFT_EMIT_LOC_STRINGS = NO;
				SWIFT_VERSION = 5.0;
				TARGETED_DEVICE_FAMILY = "1,2";
				TEST_HOST = "$(BUILT_PRODUCTS_DIR)/IntelligentHealthCoach.app/$(BUNDLE_EXECUTABLE_FOLDER_PATH)/IntelligentHealthCoach";
			};
			name = Production;
		};
		E9177D6A2D71E5E2005FEE6A /* Production */ = {
			isa = XCBuildConfiguration;
			buildSettings = {
				CODE_SIGN_STYLE = Automatic;
				CURRENT_PROJECT_VERSION = 1;
				GENERATE_INFOPLIST_FILE = YES;
				MARKETING_VERSION = 1.0;
				PRODUCT_BUNDLE_IDENTIFIER = casperbroe.IntelligentHealthCoachUITests;
				PRODUCT_NAME = "$(TARGET_NAME)";
				SWIFT_EMIT_LOC_STRINGS = NO;
				SWIFT_VERSION = 5.0;
				TARGETED_DEVICE_FAMILY = "1,2";
				TEST_TARGET_NAME = IntelligentHealthCoach;
			};
			name = Production;
		};
		E97F15D62D70683200153EA8 /* Debug */ = {
			isa = XCBuildConfiguration;
			buildSettings = {
				ALWAYS_SEARCH_USER_PATHS = NO;
				ASSETCATALOG_COMPILER_GENERATE_SWIFT_ASSET_SYMBOL_EXTENSIONS = YES;
				CLANG_ANALYZER_NONNULL = YES;
				CLANG_ANALYZER_NUMBER_OBJECT_CONVERSION = YES_AGGRESSIVE;
				CLANG_CXX_LANGUAGE_STANDARD = "gnu++20";
				CLANG_ENABLE_MODULES = YES;
				CLANG_ENABLE_OBJC_ARC = YES;
				CLANG_ENABLE_OBJC_WEAK = YES;
				CLANG_WARN_BLOCK_CAPTURE_AUTORELEASING = YES;
				CLANG_WARN_BOOL_CONVERSION = YES;
				CLANG_WARN_COMMA = YES;
				CLANG_WARN_CONSTANT_CONVERSION = YES;
				CLANG_WARN_DEPRECATED_OBJC_IMPLEMENTATIONS = YES;
				CLANG_WARN_DIRECT_OBJC_ISA_USAGE = YES_ERROR;
				CLANG_WARN_DOCUMENTATION_COMMENTS = YES;
				CLANG_WARN_EMPTY_BODY = YES;
				CLANG_WARN_ENUM_CONVERSION = YES;
				CLANG_WARN_INFINITE_RECURSION = YES;
				CLANG_WARN_INT_CONVERSION = YES;
				CLANG_WARN_NON_LITERAL_NULL_CONVERSION = YES;
				CLANG_WARN_OBJC_IMPLICIT_RETAIN_SELF = YES;
				CLANG_WARN_OBJC_LITERAL_CONVERSION = YES;
				CLANG_WARN_OBJC_ROOT_CLASS = YES_ERROR;
				CLANG_WARN_QUOTED_INCLUDE_IN_FRAMEWORK_HEADER = YES;
				CLANG_WARN_RANGE_LOOP_ANALYSIS = YES;
				CLANG_WARN_STRICT_PROTOTYPES = YES;
				CLANG_WARN_SUSPICIOUS_MOVE = YES;
				CLANG_WARN_UNGUARDED_AVAILABILITY = YES_AGGRESSIVE;
				CLANG_WARN_UNREACHABLE_CODE = YES;
				CLANG_WARN__DUPLICATE_METHOD_MATCH = YES;
				COPY_PHASE_STRIP = NO;
				DEBUG_INFORMATION_FORMAT = dwarf;
				ENABLE_STRICT_OBJC_MSGSEND = YES;
				ENABLE_TESTABILITY = YES;
				ENABLE_USER_SCRIPT_SANDBOXING = YES;
				GCC_C_LANGUAGE_STANDARD = gnu17;
				GCC_DYNAMIC_NO_PIC = NO;
				GCC_NO_COMMON_BLOCKS = YES;
				GCC_OPTIMIZATION_LEVEL = 0;
				GCC_PREPROCESSOR_DEFINITIONS = (
					"DEBUG=1",
					"$(inherited)",
				);
				GCC_WARN_64_TO_32_BIT_CONVERSION = YES;
				GCC_WARN_ABOUT_RETURN_TYPE = YES_ERROR;
				GCC_WARN_UNDECLARED_SELECTOR = YES;
				GCC_WARN_UNINITIALIZED_AUTOS = YES_AGGRESSIVE;
				GCC_WARN_UNUSED_FUNCTION = YES;
				GCC_WARN_UNUSED_VARIABLE = YES;
				IPHONEOS_DEPLOYMENT_TARGET = 17.2;
				LOCALIZATION_PREFERS_STRING_CATALOGS = YES;
				MTL_ENABLE_DEBUG_INFO = INCLUDE_SOURCE;
				MTL_FAST_MATH = YES;
				ONLY_ACTIVE_ARCH = YES;
				SDKROOT = iphoneos;
				SWIFT_ACTIVE_COMPILATION_CONDITIONS = "DEBUG $(inherited)";
				SWIFT_OPTIMIZATION_LEVEL = "-Onone";
			};
			name = Debug;
		};
		E97F15D72D70683200153EA8 /* Release */ = {
			isa = XCBuildConfiguration;
			buildSettings = {
				ALWAYS_SEARCH_USER_PATHS = NO;
				ASSETCATALOG_COMPILER_GENERATE_SWIFT_ASSET_SYMBOL_EXTENSIONS = YES;
				CLANG_ANALYZER_NONNULL = YES;
				CLANG_ANALYZER_NUMBER_OBJECT_CONVERSION = YES_AGGRESSIVE;
				CLANG_CXX_LANGUAGE_STANDARD = "gnu++20";
				CLANG_ENABLE_MODULES = YES;
				CLANG_ENABLE_OBJC_ARC = YES;
				CLANG_ENABLE_OBJC_WEAK = YES;
				CLANG_WARN_BLOCK_CAPTURE_AUTORELEASING = YES;
				CLANG_WARN_BOOL_CONVERSION = YES;
				CLANG_WARN_COMMA = YES;
				CLANG_WARN_CONSTANT_CONVERSION = YES;
				CLANG_WARN_DEPRECATED_OBJC_IMPLEMENTATIONS = YES;
				CLANG_WARN_DIRECT_OBJC_ISA_USAGE = YES_ERROR;
				CLANG_WARN_DOCUMENTATION_COMMENTS = YES;
				CLANG_WARN_EMPTY_BODY = YES;
				CLANG_WARN_ENUM_CONVERSION = YES;
				CLANG_WARN_INFINITE_RECURSION = YES;
				CLANG_WARN_INT_CONVERSION = YES;
				CLANG_WARN_NON_LITERAL_NULL_CONVERSION = YES;
				CLANG_WARN_OBJC_IMPLICIT_RETAIN_SELF = YES;
				CLANG_WARN_OBJC_LITERAL_CONVERSION = YES;
				CLANG_WARN_OBJC_ROOT_CLASS = YES_ERROR;
				CLANG_WARN_QUOTED_INCLUDE_IN_FRAMEWORK_HEADER = YES;
				CLANG_WARN_RANGE_LOOP_ANALYSIS = YES;
				CLANG_WARN_STRICT_PROTOTYPES = YES;
				CLANG_WARN_SUSPICIOUS_MOVE = YES;
				CLANG_WARN_UNGUARDED_AVAILABILITY = YES_AGGRESSIVE;
				CLANG_WARN_UNREACHABLE_CODE = YES;
				CLANG_WARN__DUPLICATE_METHOD_MATCH = YES;
				COPY_PHASE_STRIP = NO;
				DEBUG_INFORMATION_FORMAT = "dwarf-with-dsym";
				ENABLE_NS_ASSERTIONS = NO;
				ENABLE_STRICT_OBJC_MSGSEND = YES;
				ENABLE_USER_SCRIPT_SANDBOXING = YES;
				GCC_C_LANGUAGE_STANDARD = gnu17;
				GCC_NO_COMMON_BLOCKS = YES;
				GCC_WARN_64_TO_32_BIT_CONVERSION = YES;
				GCC_WARN_ABOUT_RETURN_TYPE = YES_ERROR;
				GCC_WARN_UNDECLARED_SELECTOR = YES;
				GCC_WARN_UNINITIALIZED_AUTOS = YES_AGGRESSIVE;
				GCC_WARN_UNUSED_FUNCTION = YES;
				GCC_WARN_UNUSED_VARIABLE = YES;
				IPHONEOS_DEPLOYMENT_TARGET = 17.2;
				LOCALIZATION_PREFERS_STRING_CATALOGS = YES;
				MTL_ENABLE_DEBUG_INFO = NO;
				MTL_FAST_MATH = YES;
				SDKROOT = iphoneos;
				SWIFT_COMPILATION_MODE = wholemodule;
				VALIDATE_PRODUCT = YES;
			};
			name = Release;
		};
		E97F15D92D70683200153EA8 /* Debug */ = {
			isa = XCBuildConfiguration;
			buildSettings = {
				ASSETCATALOG_COMPILER_APPICON_NAME = AppIcon;
				ASSETCATALOG_COMPILER_GLOBAL_ACCENT_COLOR_NAME = AccentColor;
				CODE_SIGN_STYLE = Automatic;
				CURRENT_PROJECT_VERSION = 1;
				DEVELOPMENT_ASSET_PATHS = "\"IntelligentHealthCoach/Preview Content\"";
				DEVELOPMENT_TEAM = S73CUBL6T6;
				ENABLE_PREVIEWS = YES;
				GENERATE_INFOPLIST_FILE = YES;
				INFOPLIST_FILE = IntelligentHealthCoach/App/Info.plist;
				INFOPLIST_KEY_LSApplicationCategoryType = "public.app-category.healthcare-fitness";
				INFOPLIST_KEY_UIApplicationSceneManifest_Generation = YES;
				INFOPLIST_KEY_UIApplicationSupportsIndirectInputEvents = YES;
				INFOPLIST_KEY_UILaunchScreen_Generation = YES;
				INFOPLIST_KEY_UISupportedInterfaceOrientations_iPad = "UIInterfaceOrientationPortrait UIInterfaceOrientationPortraitUpsideDown UIInterfaceOrientationLandscapeLeft UIInterfaceOrientationLandscapeRight";
				INFOPLIST_KEY_UISupportedInterfaceOrientations_iPhone = "UIInterfaceOrientationPortrait UIInterfaceOrientationLandscapeLeft UIInterfaceOrientationLandscapeRight";
				LD_RUNPATH_SEARCH_PATHS = (
					"$(inherited)",
					"@executable_path/Frameworks",
				);
				MARKETING_VERSION = 1.0;
				PRODUCT_BUNDLE_IDENTIFIER = casperbroe.IntelligentHealthCoach;
				PRODUCT_NAME = "$(TARGET_NAME)";
				SWIFT_EMIT_LOC_STRINGS = YES;
				SWIFT_VERSION = 5.0;
				TARGETED_DEVICE_FAMILY = "1,2";
			};
			name = Debug;
		};
		E97F15DA2D70683200153EA8 /* Release */ = {
			isa = XCBuildConfiguration;
			buildSettings = {
				ASSETCATALOG_COMPILER_APPICON_NAME = AppIcon;
				ASSETCATALOG_COMPILER_GLOBAL_ACCENT_COLOR_NAME = AccentColor;
				CODE_SIGN_STYLE = Automatic;
				CURRENT_PROJECT_VERSION = 1;
				DEVELOPMENT_ASSET_PATHS = "\"IntelligentHealthCoach/Preview Content\"";
				DEVELOPMENT_TEAM = S73CUBL6T6;
				ENABLE_PREVIEWS = YES;
				GENERATE_INFOPLIST_FILE = YES;
				INFOPLIST_FILE = IntelligentHealthCoach/App/Info.plist;
				INFOPLIST_KEY_LSApplicationCategoryType = "public.app-category.healthcare-fitness";
				INFOPLIST_KEY_UIApplicationSceneManifest_Generation = YES;
				INFOPLIST_KEY_UIApplicationSupportsIndirectInputEvents = YES;
				INFOPLIST_KEY_UILaunchScreen_Generation = YES;
				INFOPLIST_KEY_UISupportedInterfaceOrientations_iPad = "UIInterfaceOrientationPortrait UIInterfaceOrientationPortraitUpsideDown UIInterfaceOrientationLandscapeLeft UIInterfaceOrientationLandscapeRight";
				INFOPLIST_KEY_UISupportedInterfaceOrientations_iPhone = "UIInterfaceOrientationPortrait UIInterfaceOrientationLandscapeLeft UIInterfaceOrientationLandscapeRight";
				LD_RUNPATH_SEARCH_PATHS = (
					"$(inherited)",
					"@executable_path/Frameworks",
				);
				MARKETING_VERSION = 1.0;
				PRODUCT_BUNDLE_IDENTIFIER = casperbroe.IntelligentHealthCoach;
				PRODUCT_NAME = "$(TARGET_NAME)";
				SWIFT_EMIT_LOC_STRINGS = YES;
				SWIFT_OPTIMIZATION_LEVEL = "-Onone";
				SWIFT_VERSION = 5.0;
				TARGETED_DEVICE_FAMILY = "1,2";
			};
			name = Release;
		};
		E97F15DC2D70683200153EA8 /* Debug */ = {
			isa = XCBuildConfiguration;
			buildSettings = {
				BUNDLE_LOADER = "$(TEST_HOST)";
				CODE_SIGN_STYLE = Automatic;
				CURRENT_PROJECT_VERSION = 1;
				GENERATE_INFOPLIST_FILE = YES;
				IPHONEOS_DEPLOYMENT_TARGET = 17.2;
				MARKETING_VERSION = 1.0;
				PRODUCT_BUNDLE_IDENTIFIER = casperbroe.IntelligentHealthCoachTests;
				PRODUCT_NAME = "$(TARGET_NAME)";
				SWIFT_EMIT_LOC_STRINGS = NO;
				SWIFT_VERSION = 5.0;
				TARGETED_DEVICE_FAMILY = "1,2";
				TEST_HOST = "$(BUILT_PRODUCTS_DIR)/IntelligentHealthCoach.app/$(BUNDLE_EXECUTABLE_FOLDER_PATH)/IntelligentHealthCoach";
			};
			name = Debug;
		};
		E97F15DD2D70683200153EA8 /* Release */ = {
			isa = XCBuildConfiguration;
			buildSettings = {
				BUNDLE_LOADER = "$(TEST_HOST)";
				CODE_SIGN_STYLE = Automatic;
				CURRENT_PROJECT_VERSION = 1;
				GENERATE_INFOPLIST_FILE = YES;
				IPHONEOS_DEPLOYMENT_TARGET = 17.2;
				MARKETING_VERSION = 1.0;
				PRODUCT_BUNDLE_IDENTIFIER = casperbroe.IntelligentHealthCoachTests;
				PRODUCT_NAME = "$(TARGET_NAME)";
				SWIFT_EMIT_LOC_STRINGS = NO;
				SWIFT_VERSION = 5.0;
				TARGETED_DEVICE_FAMILY = "1,2";
				TEST_HOST = "$(BUILT_PRODUCTS_DIR)/IntelligentHealthCoach.app/$(BUNDLE_EXECUTABLE_FOLDER_PATH)/IntelligentHealthCoach";
			};
			name = Release;
		};
		E97F15DF2D70683200153EA8 /* Debug */ = {
			isa = XCBuildConfiguration;
			buildSettings = {
				CODE_SIGN_STYLE = Automatic;
				CURRENT_PROJECT_VERSION = 1;
				GENERATE_INFOPLIST_FILE = YES;
				MARKETING_VERSION = 1.0;
				PRODUCT_BUNDLE_IDENTIFIER = casperbroe.IntelligentHealthCoachUITests;
				PRODUCT_NAME = "$(TARGET_NAME)";
				SWIFT_EMIT_LOC_STRINGS = NO;
				SWIFT_VERSION = 5.0;
				TARGETED_DEVICE_FAMILY = "1,2";
				TEST_TARGET_NAME = IntelligentHealthCoach;
			};
			name = Debug;
		};
		E97F15E02D70683200153EA8 /* Release */ = {
			isa = XCBuildConfiguration;
			buildSettings = {
				CODE_SIGN_STYLE = Automatic;
				CURRENT_PROJECT_VERSION = 1;
				GENERATE_INFOPLIST_FILE = YES;
				MARKETING_VERSION = 1.0;
				PRODUCT_BUNDLE_IDENTIFIER = casperbroe.IntelligentHealthCoachUITests;
				PRODUCT_NAME = "$(TARGET_NAME)";
				SWIFT_EMIT_LOC_STRINGS = NO;
				SWIFT_VERSION = 5.0;
				TARGETED_DEVICE_FAMILY = "1,2";
				TEST_TARGET_NAME = IntelligentHealthCoach;
			};
			name = Release;
		};
/* End XCBuildConfiguration section */

/* Begin XCConfigurationList section */
		E97F15AF2D70682F00153EA8 /* Build configuration list for PBXProject "IntelligentHealthCoach" */ = {
			isa = XCConfigurationList;
			buildConfigurations = (
				E97F15D62D70683200153EA8 /* Debug */,
				E9177D632D71E5C8005FEE6A /* Development */,
				E97F15D72D70683200153EA8 /* Release */,
				E9177D672D71E5E2005FEE6A /* Production */,
			);
			defaultConfigurationIsVisible = 0;
			defaultConfigurationName = Release;
		};
		E97F15D82D70683200153EA8 /* Build configuration list for PBXNativeTarget "IntelligentHealthCoach" */ = {
			isa = XCConfigurationList;
			buildConfigurations = (
				E97F15D92D70683200153EA8 /* Debug */,
				E9177D642D71E5C8005FEE6A /* Development */,
				E97F15DA2D70683200153EA8 /* Release */,
				E9177D682D71E5E2005FEE6A /* Production */,
			);
			defaultConfigurationIsVisible = 0;
			defaultConfigurationName = Release;
		};
		E97F15DB2D70683200153EA8 /* Build configuration list for PBXNativeTarget "IntelligentHealthCoachTests" */ = {
			isa = XCConfigurationList;
			buildConfigurations = (
				E97F15DC2D70683200153EA8 /* Debug */,
				E9177D652D71E5C8005FEE6A /* Development */,
				E97F15DD2D70683200153EA8 /* Release */,
				E9177D692D71E5E2005FEE6A /* Production */,
			);
			defaultConfigurationIsVisible = 0;
			defaultConfigurationName = Release;
		};
		E97F15DE2D70683200153EA8 /* Build configuration list for PBXNativeTarget "IntelligentHealthCoachUITests" */ = {
			isa = XCConfigurationList;
			buildConfigurations = (
				E97F15DF2D70683200153EA8 /* Debug */,
				E9177D662D71E5C8005FEE6A /* Development */,
				E97F15E02D70683200153EA8 /* Release */,
				E9177D6A2D71E5E2005FEE6A /* Production */,
			);
			defaultConfigurationIsVisible = 0;
			defaultConfigurationName = Release;
		};
/* End XCConfigurationList section */

/* Begin XCRemoteSwiftPackageReference section */
		E940C2712D70C4DD00C959C4 /* XCRemoteSwiftPackageReference "supabase-swift" */ = {
			isa = XCRemoteSwiftPackageReference;
			repositoryURL = "https://github.com/supabase/supabase-swift.git";
			requirement = {
				kind = upToNextMajorVersion;
				minimumVersion = 2.5.1;
			};
		};
		E940C27C2D70C4F400C959C4 /* XCRemoteSwiftPackageReference "Kingfisher" */ = {
			isa = XCRemoteSwiftPackageReference;
			repositoryURL = "https://github.com/onevcat/Kingfisher.git";
			requirement = {
				kind = upToNextMajorVersion;
				minimumVersion = 8.2.0;
			};
		};
/* End XCRemoteSwiftPackageReference section */

/* Begin XCSwiftPackageProductDependency section */
		E940C2722D70C4DD00C959C4 /* Auth */ = {
			isa = XCSwiftPackageProductDependency;
			package = E940C2712D70C4DD00C959C4 /* XCRemoteSwiftPackageReference "supabase-swift" */;
			productName = Auth;
		};
		E940C2742D70C4DD00C959C4 /* Functions */ = {
			isa = XCSwiftPackageProductDependency;
			package = E940C2712D70C4DD00C959C4 /* XCRemoteSwiftPackageReference "supabase-swift" */;
			productName = Functions;
		};
		E940C2762D70C4DD00C959C4 /* PostgREST */ = {
			isa = XCSwiftPackageProductDependency;
			package = E940C2712D70C4DD00C959C4 /* XCRemoteSwiftPackageReference "supabase-swift" */;
			productName = PostgREST;
		};
		E940C2782D70C4DD00C959C4 /* Realtime */ = {
			isa = XCSwiftPackageProductDependency;
			package = E940C2712D70C4DD00C959C4 /* XCRemoteSwiftPackageReference "supabase-swift" */;
			productName = Realtime;
		};
		E940C27A2D70C4DD00C959C4 /* Storage */ = {
			isa = XCSwiftPackageProductDependency;
			package = E940C2712D70C4DD00C959C4 /* XCRemoteSwiftPackageReference "supabase-swift" */;
			productName = Storage;
		};
		E940C27D2D70C4F400C959C4 /* Kingfisher */ = {
			isa = XCSwiftPackageProductDependency;
			package = E940C27C2D70C4F400C959C4 /* XCRemoteSwiftPackageReference "Kingfisher" */;
			productName = Kingfisher;
		};
		E940C2902D70E05800C959C4 /* Supabase */ = {
			isa = XCSwiftPackageProductDependency;
			package = E940C2712D70C4DD00C959C4 /* XCRemoteSwiftPackageReference "supabase-swift" */;
			productName = Supabase;
		};
/* End XCSwiftPackageProductDependency section */
	};
	rootObject = E97F15AC2D70682F00153EA8 /* Project object */;
}
